// !$*UTF8*$!
{
	archiveVersion = 1;
	classes = {
	};
	objectVersion = 46;
	objects = {

/* Begin PBXBuildFile section */
		1CB18469174BC0A500D71DA4 /* CoreLocation.framework in Frameworks */ = {isa = PBXBuildFile; fileRef = 1CB18468174BC0A500D71DA4 /* CoreLocation.framework */; };
		A71CF122175E3BEB00FA2168 /* MapKit.framework in Frameworks */ = {isa = PBXBuildFile; fileRef = A71CF121175E3BEB00FA2168 /* MapKit.framework */; };
		A726AA73175DEA9F00C7F8E6 /* Social.framework in Frameworks */ = {isa = PBXBuildFile; fileRef = A726AA72175DEA9F00C7F8E6 /* Social.framework */; };
		AC06F90F17CFE375002E6B67 /* FacebookSDK.framework in Frameworks */ = {isa = PBXBuildFile; fileRef = AC06F90E17CFE375002E6B67 /* FacebookSDK.framework */; };
		AC06F91117CFE38A002E6B67 /* FacebookSDKResources.bundle in Resources */ = {isa = PBXBuildFile; fileRef = AC06F91017CFE38A002E6B67 /* FacebookSDKResources.bundle */; };
		AC06F91317CFE3B7002E6B67 /* Accounts.framework in Frameworks */ = {isa = PBXBuildFile; fileRef = AC06F91217CFE3B7002E6B67 /* Accounts.framework */; };
		AC0AF4751754AB4600B766E0 /* AFHTTPClient.m in Sources */ = {isa = PBXBuildFile; fileRef = AC0AF4631754AB4600B766E0 /* AFHTTPClient.m */; };
		AC0AF4761754AB4600B766E0 /* AFHTTPRequestOperation.m in Sources */ = {isa = PBXBuildFile; fileRef = AC0AF4651754AB4600B766E0 /* AFHTTPRequestOperation.m */; };
		AC0AF4771754AB4600B766E0 /* AFImageRequestOperation.m in Sources */ = {isa = PBXBuildFile; fileRef = AC0AF4671754AB4600B766E0 /* AFImageRequestOperation.m */; };
		AC0AF4781754AB4600B766E0 /* AFJSONRequestOperation.m in Sources */ = {isa = PBXBuildFile; fileRef = AC0AF4691754AB4600B766E0 /* AFJSONRequestOperation.m */; };
		AC0AF4791754AB4600B766E0 /* AFNetworkActivityIndicatorManager.m in Sources */ = {isa = PBXBuildFile; fileRef = AC0AF46B1754AB4600B766E0 /* AFNetworkActivityIndicatorManager.m */; };
		AC0AF47A1754AB4600B766E0 /* AFPropertyListRequestOperation.m in Sources */ = {isa = PBXBuildFile; fileRef = AC0AF46E1754AB4600B766E0 /* AFPropertyListRequestOperation.m */; };
		AC0AF47B1754AB4600B766E0 /* AFURLConnectionOperation.m in Sources */ = {isa = PBXBuildFile; fileRef = AC0AF4701754AB4600B766E0 /* AFURLConnectionOperation.m */; };
		AC0AF47C1754AB4600B766E0 /* AFXMLRequestOperation.m in Sources */ = {isa = PBXBuildFile; fileRef = AC0AF4721754AB4600B766E0 /* AFXMLRequestOperation.m */; };
		AC0AF47D1754AB4600B766E0 /* UIImageView+AFNetworking.m in Sources */ = {isa = PBXBuildFile; fileRef = AC0AF4741754AB4600B766E0 /* UIImageView+AFNetworking.m */; };
		AC0AF4871754BA6300B766E0 /* SystemConfiguration.framework in Frameworks */ = {isa = PBXBuildFile; fileRef = AC0AF4861754BA6300B766E0 /* SystemConfiguration.framework */; };
		AC0AF4891754BA6A00B766E0 /* MobileCoreServices.framework in Frameworks */ = {isa = PBXBuildFile; fileRef = AC0AF4881754BA6A00B766E0 /* MobileCoreServices.framework */; };
		AC0AF4B0175633B700B766E0 /* Security.framework in Frameworks */ = {isa = PBXBuildFile; fileRef = AC0AF4AF175633B600B766E0 /* Security.framework */; };
		AC101686174D6F0F00761AC2 /* CLLocation+measuring.m in Sources */ = {isa = PBXBuildFile; fileRef = AC10167D174D6F0F00761AC2 /* CLLocation+measuring.m */; };
		AC101687174D6F0F00761AC2 /* CLLocation+routeInfo.m in Sources */ = {isa = PBXBuildFile; fileRef = AC10167F174D6F0F00761AC2 /* CLLocation+routeInfo.m */; };
		AC101688174D6F0F00761AC2 /* CLLocationDeadReckoning.m in Sources */ = {isa = PBXBuildFile; fileRef = AC101681174D6F0F00761AC2 /* CLLocationDeadReckoning.m */; };
		AC101689174D6F0F00761AC2 /* CLLocationDispatch.m in Sources */ = {isa = PBXBuildFile; fileRef = AC101683174D6F0F00761AC2 /* CLLocationDispatch.m */; };
		AC303F8517C4F54400875910 /* SVProgressHUD.bundle in Resources */ = {isa = PBXBuildFile; fileRef = AC303F8217C4F54400875910 /* SVProgressHUD.bundle */; };
		AC303F8617C4F54400875910 /* SVProgressHUD.m in Sources */ = {isa = PBXBuildFile; fileRef = AC303F8417C4F54400875910 /* SVProgressHUD.m */; };
		AC30AEF21768BE01008449BD /* SIAlertView.bundle in Resources */ = {isa = PBXBuildFile; fileRef = AC30AEEF1768BE01008449BD /* SIAlertView.bundle */; };
		AC30AEF31768BE01008449BD /* SIAlertView.m in Sources */ = {isa = PBXBuildFile; fileRef = AC30AEF11768BE01008449BD /* SIAlertView.m */; };
		AC41F7FD1761EAC100ED3F14 /* AudioToolbox.framework in Frameworks */ = {isa = PBXBuildFile; fileRef = AC41F7FC1761EAC100ED3F14 /* AudioToolbox.framework */; };
		AC41F8011761FE8400ED3F14 /* fanfare.mp3 in Resources */ = {isa = PBXBuildFile; fileRef = AC41F7FF1761FE8400ED3F14 /* fanfare.mp3 */; };
		AC41F8021761FE8400ED3F14 /* success.mp3 in Resources */ = {isa = PBXBuildFile; fileRef = AC41F8001761FE8400ED3F14 /* success.mp3 */; };
		AC42EBE818E70560005BD53B /* AppDelegate.m in Sources */ = {isa = PBXBuildFile; fileRef = AC42EB6D18E70560005BD53B /* AppDelegate.m */; };
		AC42EBE918E70560005BD53B /* AppState.m in Sources */ = {isa = PBXBuildFile; fileRef = AC42EB6F18E70560005BD53B /* AppState.m */; };
		AC42EBEA18E70560005BD53B /* CannotPlayViewController.m in Sources */ = {isa = PBXBuildFile; fileRef = AC42EB7118E70560005BD53B /* CannotPlayViewController.m */; };
		AC42EBEB18E70560005BD53B /* CannotPlayViewController.xib in Resources */ = {isa = PBXBuildFile; fileRef = AC42EB7218E70560005BD53B /* CannotPlayViewController.xib */; };
		AC42EBEC18E70560005BD53B /* CatalogViewController.m in Sources */ = {isa = PBXBuildFile; fileRef = AC42EB7418E70560005BD53B /* CatalogViewController.m */; };
		AC42EBED18E70560005BD53B /* CatalogViewController.xib in Resources */ = {isa = PBXBuildFile; fileRef = AC42EB7518E70560005BD53B /* CatalogViewController.xib */; };
		AC42EBEE18E70560005BD53B /* CatalogViewCollectionHeader.m in Sources */ = {isa = PBXBuildFile; fileRef = AC42EB7818E70560005BD53B /* CatalogViewCollectionHeader.m */; };
		AC42EBEF18E70560005BD53B /* CatalogViewCollectionHeader.xib in Resources */ = {isa = PBXBuildFile; fileRef = AC42EB7918E70560005BD53B /* CatalogViewCollectionHeader.xib */; };
		AC42EBF018E70560005BD53B /* LocationDetailBodyCell.m in Sources */ = {isa = PBXBuildFile; fileRef = AC42EB7B18E70560005BD53B /* LocationDetailBodyCell.m */; };
		AC42EBF118E70560005BD53B /* LocationDetailBodyCell.xib in Resources */ = {isa = PBXBuildFile; fileRef = AC42EB7C18E70560005BD53B /* LocationDetailBodyCell.xib */; };
		AC42EBF218E70560005BD53B /* LocationDetailPictureCell.m in Sources */ = {isa = PBXBuildFile; fileRef = AC42EB7E18E70560005BD53B /* LocationDetailPictureCell.m */; };
		AC42EBF318E70560005BD53B /* LocationDetailPictureCell.xib in Resources */ = {isa = PBXBuildFile; fileRef = AC42EB7F18E70560005BD53B /* LocationDetailPictureCell.xib */; };
		AC42EBF418E70560005BD53B /* LocationDetailTitleCell.m in Sources */ = {isa = PBXBuildFile; fileRef = AC42EB8118E70560005BD53B /* LocationDetailTitleCell.m */; };
		AC42EBF518E70560005BD53B /* LocationDetailTitleCell.xib in Resources */ = {isa = PBXBuildFile; fileRef = AC42EB8218E70560005BD53B /* LocationDetailTitleCell.xib */; };
		AC42EBF618E70560005BD53B /* RouteDetailTitleCell.m in Sources */ = {isa = PBXBuildFile; fileRef = AC42EB8418E70560005BD53B /* RouteDetailTitleCell.m */; };
		AC42EBF718E70560005BD53B /* RouteDetailTitleCell.xib in Resources */ = {isa = PBXBuildFile; fileRef = AC42EB8518E70560005BD53B /* RouteDetailTitleCell.xib */; };
		AC42EBF818E70560005BD53B /* CheckinView.m in Sources */ = {isa = PBXBuildFile; fileRef = AC42EB8718E70560005BD53B /* CheckinView.m */; };
		AC42EBF918E70560005BD53B /* CheckinView.xib in Resources */ = {isa = PBXBuildFile; fileRef = AC42EB8818E70560005BD53B /* CheckinView.xib */; };
		AC42EBFA18E70560005BD53B /* CitySelectionViewController.m in Sources */ = {isa = PBXBuildFile; fileRef = AC42EB8A18E70560005BD53B /* CitySelectionViewController.m */; };
		AC42EBFB18E70560005BD53B /* CloudView.m in Sources */ = {isa = PBXBuildFile; fileRef = AC42EB8C18E70560005BD53B /* CloudView.m */; };
		AC42EBFC18E70560005BD53B /* CompassTopView.m in Sources */ = {isa = PBXBuildFile; fileRef = AC42EB8E18E70560005BD53B /* CompassTopView.m */; };
		AC42EBFD18E70560005BD53B /* CompassTopView.xib in Resources */ = {isa = PBXBuildFile; fileRef = AC42EB8F18E70560005BD53B /* CompassTopView.xib */; };
		AC42EBFE18E70560005BD53B /* CompassViewController.m in Sources */ = {isa = PBXBuildFile; fileRef = AC42EB9118E70560005BD53B /* CompassViewController.m */; };
		AC42EBFF18E70560005BD53B /* CompassViewController.xib in Resources */ = {isa = PBXBuildFile; fileRef = AC42EB9218E70560005BD53B /* CompassViewController.xib */; };
		AC42EC0018E70560005BD53B /* CustomBarButtonViewLeft.m in Sources */ = {isa = PBXBuildFile; fileRef = AC42EB9418E70560005BD53B /* CustomBarButtonViewLeft.m */; };
		AC42EC0118E70560005BD53B /* CustomBarButtonViewRight.m in Sources */ = {isa = PBXBuildFile; fileRef = AC42EB9618E70560005BD53B /* CustomBarButtonViewRight.m */; };
		AC42EC0218E70560005BD53B /* DestinationRadarView.m in Sources */ = {isa = PBXBuildFile; fileRef = AC42EB9818E70560005BD53B /* DestinationRadarView.m */; };
		AC42EC0318E70560005BD53B /* InfoPlist.strings in Resources */ = {isa = PBXBuildFile; fileRef = AC42EB9918E70560005BD53B /* InfoPlist.strings */; };
		AC42EC0418E70560005BD53B /* Localizable.strings in Resources */ = {isa = PBXBuildFile; fileRef = AC42EB9B18E70560005BD53B /* Localizable.strings */; };
		AC42EC0718E70560005BD53B /* FileUtilities.m in Sources */ = {isa = PBXBuildFile; fileRef = AC42EBA318E70560005BD53B /* FileUtilities.m */; };
		AC42EC0918E70560005BD53B /* GoHikeHTTPClient.m in Sources */ = {isa = PBXBuildFile; fileRef = AC42EBA718E70560005BD53B /* GoHikeHTTPClient.m */; };
		AC42EC0A18E70560005BD53B /* CitiesOverlayView.m in Sources */ = {isa = PBXBuildFile; fileRef = AC42EBAA18E70560005BD53B /* CitiesOverlayView.m */; };
		AC42EC0B18E70560005BD53B /* CitiesOverlayView.xib in Resources */ = {isa = PBXBuildFile; fileRef = AC42EBAB18E70560005BD53B /* CitiesOverlayView.xib */; };
		AC42EC0C18E70560005BD53B /* HelpView.m in Sources */ = {isa = PBXBuildFile; fileRef = AC42EBAD18E70560005BD53B /* HelpView.m */; };
		AC42EC0D18E70560005BD53B /* HelpView.xib in Resources */ = {isa = PBXBuildFile; fileRef = AC42EBAE18E70560005BD53B /* HelpView.xib */; };
		AC42EC0F18E70560005BD53B /* LocationDetailTableViewController.m in Sources */ = {isa = PBXBuildFile; fileRef = AC42EBB318E70560005BD53B /* LocationDetailTableViewController.m */; };
		AC42EC1018E70560005BD53B /* LocationDetailViewController.m in Sources */ = {isa = PBXBuildFile; fileRef = AC42EBB518E70560005BD53B /* LocationDetailViewController.m */; };
		AC42EC1118E70560005BD53B /* LocationDetailViewController.xib in Resources */ = {isa = PBXBuildFile; fileRef = AC42EBB618E70560005BD53B /* LocationDetailViewController.xib */; };
		AC42EC1218E70560005BD53B /* main.m in Sources */ = {isa = PBXBuildFile; fileRef = AC42EBB718E70560005BD53B /* main.m */; };
		AC42EC1318E70560005BD53B /* MapPoint.m in Sources */ = {isa = PBXBuildFile; fileRef = AC42EBB918E70560005BD53B /* MapPoint.m */; };
		AC42EC1418E70560005BD53B /* MapViewController.m in Sources */ = {isa = PBXBuildFile; fileRef = AC42EBBB18E70560005BD53B /* MapViewController.m */; };
		AC42EC1518E70560005BD53B /* Checkin.m in Sources */ = {isa = PBXBuildFile; fileRef = AC42EBBE18E70560005BD53B /* Checkin.m */; };
		AC42EC1618E70560005BD53B /* NSArray+GHCatalog.m in Sources */ = {isa = PBXBuildFile; fileRef = AC42EBC118E70560005BD53B /* NSArray+GHCatalog.m */; };
		AC42EC1718E70560005BD53B /* NSDictionary+GHCities.m in Sources */ = {isa = PBXBuildFile; fileRef = AC42EBC318E70560005BD53B /* NSDictionary+GHCities.m */; };
		AC42EC1818E70560005BD53B /* NSDictionary+GHCity.m in Sources */ = {isa = PBXBuildFile; fileRef = AC42EBC518E70560005BD53B /* NSDictionary+GHCity.m */; };
		AC42EC1918E70560005BD53B /* NSDictionary+GHImage.m in Sources */ = {isa = PBXBuildFile; fileRef = AC42EBC718E70560005BD53B /* NSDictionary+GHImage.m */; };
		AC42EC1A18E70560005BD53B /* NSDictionary+GHProfile.m in Sources */ = {isa = PBXBuildFile; fileRef = AC42EBC918E70560005BD53B /* NSDictionary+GHProfile.m */; };
		AC42EC1B18E70560005BD53B /* NSDictionary+GHReward.m in Sources */ = {isa = PBXBuildFile; fileRef = AC42EBCB18E70560005BD53B /* NSDictionary+GHReward.m */; };
		AC42EC1C18E70560005BD53B /* NSDictionary+GHRoute.m in Sources */ = {isa = PBXBuildFile; fileRef = AC42EBCD18E70560005BD53B /* NSDictionary+GHRoute.m */; };
		AC42EC1D18E70560005BD53B /* NSDictionary+GHWaypoint.m in Sources */ = {isa = PBXBuildFile; fileRef = AC42EBCF18E70560005BD53B /* NSDictionary+GHWaypoint.m */; };
		AC42EC1E18E70560005BD53B /* NavigationStatusView.m in Sources */ = {isa = PBXBuildFile; fileRef = AC42EBD118E70560005BD53B /* NavigationStatusView.m */; };
		AC42EC1F18E70560005BD53B /* NavigationStatusView.xib in Resources */ = {isa = PBXBuildFile; fileRef = AC42EBD218E70560005BD53B /* NavigationStatusView.xib */; };
		AC42EC2018E70560005BD53B /* OverlayView.m in Sources */ = {isa = PBXBuildFile; fileRef = AC42EBD618E70560005BD53B /* OverlayView.m */; };
		AC42EC2118E70560005BD53B /* OverlayView.xib in Resources */ = {isa = PBXBuildFile; fileRef = AC42EBD718E70560005BD53B /* OverlayView.xib */; };
		AC42EC2218E70560005BD53B /* RewardViewController.m in Sources */ = {isa = PBXBuildFile; fileRef = AC42EBD918E70560005BD53B /* RewardViewController.m */; };
		AC42EC2318E70560005BD53B /* RewardViewController.xib in Resources */ = {isa = PBXBuildFile; fileRef = AC42EBDA18E70560005BD53B /* RewardViewController.xib */; };
		AC42EC2418E70560005BD53B /* routeme.plist in Resources */ = {isa = PBXBuildFile; fileRef = AC42EBDB18E70560005BD53B /* routeme.plist */; };
		AC42EC2518E70560005BD53B /* RouteStartViewController.m in Sources */ = {isa = PBXBuildFile; fileRef = AC42EBDD18E70560005BD53B /* RouteStartViewController.m */; };
		AC42EC2618E70560005BD53B /* SelectionCell.m in Sources */ = {isa = PBXBuildFile; fileRef = AC42EBE018E70560005BD53B /* SelectionCell.m */; };
		AC42EC2718E70560005BD53B /* SelectionCell.xib in Resources */ = {isa = PBXBuildFile; fileRef = AC42EBE118E70560005BD53B /* SelectionCell.xib */; };
		AC42EC2818E70560005BD53B /* SettingsViewController.m in Sources */ = {isa = PBXBuildFile; fileRef = AC42EBE418E70560005BD53B /* SettingsViewController.m */; };
		AC42EC2918E70560005BD53B /* TableBackground.xib in Resources */ = {isa = PBXBuildFile; fileRef = AC42EBE518E70560005BD53B /* TableBackground.xib */; };
		AC42EC2A18E70560005BD53B /* Utilities.m in Sources */ = {isa = PBXBuildFile; fileRef = AC42EBE718E70560005BD53B /* Utilities.m */; };
		AC42EC2D18E70708005BD53B /* Images.xcassets in Resources */ = {isa = PBXBuildFile; fileRef = AC42EC2C18E70708005BD53B /* Images.xcassets */; };
		AC42EC3418E73ADB005BD53B /* amsterdamcentrum.gpx in Resources */ = {isa = PBXBuildFile; fileRef = AC42EC3318E73ADB005BD53B /* amsterdamcentrum.gpx */; };
		AC5BEDA9174CC82D0067F08F /* default-profile.png in Resources */ = {isa = PBXBuildFile; fileRef = AC5BEDA8174CC82D0067F08F /* default-profile.png */; };
		AC81E86B18E891B00074C301 /* HockeySDK.framework in Frameworks */ = {isa = PBXBuildFile; fileRef = AC81E86718E891B00074C301 /* HockeySDK.framework */; };
		AC81E86C18E891B00074C301 /* HockeySDK.xcconfig in Resources */ = {isa = PBXBuildFile; fileRef = AC81E86918E891B00074C301 /* HockeySDK.xcconfig */; };
		AC81E86D18E891B00074C301 /* HockeySDKResources.bundle in Resources */ = {isa = PBXBuildFile; fileRef = AC81E86A18E891B00074C301 /* HockeySDKResources.bundle */; };
		AC81E86F18E891BF0074C301 /* CoreText.framework in Frameworks */ = {isa = PBXBuildFile; fileRef = AC81E86E18E891BF0074C301 /* CoreText.framework */; };
		AC81E87218E8B0900074C301 /* festigo-Info.plist in Resources */ = {isa = PBXBuildFile; fileRef = AC81E87018E8B0900074C301 /* festigo-Info.plist */; };
		AC844BFA17629EE30092D79C /* SSKeychain.m in Sources */ = {isa = PBXBuildFile; fileRef = AC844BF917629EE30092D79C /* SSKeychain.m */; };
		ACB0B7D118EC2CFF008F8AD1 /* libAdIdAccess.a in Frameworks */ = {isa = PBXBuildFile; fileRef = ACB0B7CA18EC2CFF008F8AD1 /* libAdIdAccess.a */; };
		ACB0B7D218EC2CFF008F8AD1 /* libGoogleAnalyticsServices.a in Frameworks */ = {isa = PBXBuildFile; fileRef = ACB0B7CB18EC2CFF008F8AD1 /* libGoogleAnalyticsServices.a */; };
		ACB0B7D518EC2E15008F8AD1 /* Settings.bundle in Resources */ = {isa = PBXBuildFile; fileRef = ACB0B7D418EC2E15008F8AD1 /* Settings.bundle */; };
		ACB0B7D718EC2EAC008F8AD1 /* CoreData.framework in Frameworks */ = {isa = PBXBuildFile; fileRef = ACB0B7D618EC2EAC008F8AD1 /* CoreData.framework */; };
		ACC893B6175F7A3C002AC636 /* libz.dylib in Frameworks */ = {isa = PBXBuildFile; fileRef = ACC893B5175F7A3C002AC636 /* libz.dylib */; };
		ACDBD96C18E886510063AAB7 /* NSDataAdditions.m in Sources */ = {isa = PBXBuildFile; fileRef = ACDBD96918E886510063AAB7 /* NSDataAdditions.m */; };
		ACDBD96D18E886510063AAB7 /* NSLayoutConstraint+EvenDistribution.m in Sources */ = {isa = PBXBuildFile; fileRef = ACDBD96B18E886510063AAB7 /* NSLayoutConstraint+EvenDistribution.m */; };
		ACDBD97018E886C10063AAB7 /* UIImage+ImageEffects.m in Sources */ = {isa = PBXBuildFile; fileRef = ACDBD96F18E886C10063AAB7 /* UIImage+ImageEffects.m */; };
		ACDBD97A18E8892A0063AAB7 /* Accelerate.framework in Frameworks */ = {isa = PBXBuildFile; fileRef = ACDBD97918E889290063AAB7 /* Accelerate.framework */; };
		ACDBD97B18E889650063AAB7 /* libsqlite3.dylib in Frameworks */ = {isa = PBXBuildFile; fileRef = AC06F91417CFE3DB002E6B67 /* libsqlite3.dylib */; };
		ACDBD97C18E88B260063AAB7 /* AdelleBasic_BoldItalic.ttf in Resources */ = {isa = PBXBuildFile; fileRef = ACDBD97118E886D70063AAB7 /* AdelleBasic_BoldItalic.ttf */; };
		ACDBD97D18E88B280063AAB7 /* AdelleBasic_Bold.ttf in Resources */ = {isa = PBXBuildFile; fileRef = ACDBD97218E886EF0063AAB7 /* AdelleBasic_Bold.ttf */; };
		ACDD9B6C1743B20200D64682 /* UIKit.framework in Frameworks */ = {isa = PBXBuildFile; fileRef = ACDD9B6B1743B20200D64682 /* UIKit.framework */; };
		ACDD9B6E1743B20200D64682 /* Foundation.framework in Frameworks */ = {isa = PBXBuildFile; fileRef = ACDD9B6D1743B20200D64682 /* Foundation.framework */; };
		ACDD9B701743B20200D64682 /* CoreGraphics.framework in Frameworks */ = {isa = PBXBuildFile; fileRef = ACDD9B6F1743B20200D64682 /* CoreGraphics.framework */; };
		ACDD9BEA1743EBAB00D64682 /* QuartzCore.framework in Frameworks */ = {isa = PBXBuildFile; fileRef = ACDD9BE91743EBAB00D64682 /* QuartzCore.framework */; };
		ACE2AD4017628D94004C6AF8 /* AdSupport.framework in Frameworks */ = {isa = PBXBuildFile; fileRef = ACE2AD3F17628D94004C6AF8 /* AdSupport.framework */; };
/* End PBXBuildFile section */

/* Begin PBXFileReference section */
		1CB18468174BC0A500D71DA4 /* CoreLocation.framework */ = {isa = PBXFileReference; lastKnownFileType = wrapper.framework; name = CoreLocation.framework; path = System/Library/Frameworks/CoreLocation.framework; sourceTree = SDKROOT; };
		A71CF121175E3BEB00FA2168 /* MapKit.framework */ = {isa = PBXFileReference; lastKnownFileType = wrapper.framework; name = MapKit.framework; path = System/Library/Frameworks/MapKit.framework; sourceTree = SDKROOT; };
		A726AA72175DEA9F00C7F8E6 /* Social.framework */ = {isa = PBXFileReference; lastKnownFileType = wrapper.framework; name = Social.framework; path = System/Library/Frameworks/Social.framework; sourceTree = SDKROOT; };
		AC06F90E17CFE375002E6B67 /* FacebookSDK.framework */ = {isa = PBXFileReference; lastKnownFileType = wrapper.framework; path = FacebookSDK.framework; sourceTree = "<group>"; };
		AC06F91017CFE38A002E6B67 /* FacebookSDKResources.bundle */ = {isa = PBXFileReference; lastKnownFileType = "wrapper.plug-in"; name = FacebookSDKResources.bundle; path = FacebookSDK.framework/Versions/A/Resources/FacebookSDKResources.bundle; sourceTree = "<group>"; };
		AC06F91217CFE3B7002E6B67 /* Accounts.framework */ = {isa = PBXFileReference; lastKnownFileType = wrapper.framework; name = Accounts.framework; path = System/Library/Frameworks/Accounts.framework; sourceTree = SDKROOT; };
		AC06F91417CFE3DB002E6B67 /* libsqlite3.dylib */ = {isa = PBXFileReference; lastKnownFileType = "compiled.mach-o.dylib"; name = libsqlite3.dylib; path = usr/lib/libsqlite3.dylib; sourceTree = SDKROOT; };
		AC0AF4621754AB4600B766E0 /* AFHTTPClient.h */ = {isa = PBXFileReference; fileEncoding = 4; lastKnownFileType = sourcecode.c.h; path = AFHTTPClient.h; sourceTree = "<group>"; };
		AC0AF4631754AB4600B766E0 /* AFHTTPClient.m */ = {isa = PBXFileReference; fileEncoding = 4; lastKnownFileType = sourcecode.c.objc; path = AFHTTPClient.m; sourceTree = "<group>"; };
		AC0AF4641754AB4600B766E0 /* AFHTTPRequestOperation.h */ = {isa = PBXFileReference; fileEncoding = 4; lastKnownFileType = sourcecode.c.h; path = AFHTTPRequestOperation.h; sourceTree = "<group>"; };
		AC0AF4651754AB4600B766E0 /* AFHTTPRequestOperation.m */ = {isa = PBXFileReference; fileEncoding = 4; lastKnownFileType = sourcecode.c.objc; path = AFHTTPRequestOperation.m; sourceTree = "<group>"; };
		AC0AF4661754AB4600B766E0 /* AFImageRequestOperation.h */ = {isa = PBXFileReference; fileEncoding = 4; lastKnownFileType = sourcecode.c.h; path = AFImageRequestOperation.h; sourceTree = "<group>"; };
		AC0AF4671754AB4600B766E0 /* AFImageRequestOperation.m */ = {isa = PBXFileReference; fileEncoding = 4; lastKnownFileType = sourcecode.c.objc; path = AFImageRequestOperation.m; sourceTree = "<group>"; };
		AC0AF4681754AB4600B766E0 /* AFJSONRequestOperation.h */ = {isa = PBXFileReference; fileEncoding = 4; lastKnownFileType = sourcecode.c.h; path = AFJSONRequestOperation.h; sourceTree = "<group>"; };
		AC0AF4691754AB4600B766E0 /* AFJSONRequestOperation.m */ = {isa = PBXFileReference; fileEncoding = 4; lastKnownFileType = sourcecode.c.objc; path = AFJSONRequestOperation.m; sourceTree = "<group>"; };
		AC0AF46A1754AB4600B766E0 /* AFNetworkActivityIndicatorManager.h */ = {isa = PBXFileReference; fileEncoding = 4; lastKnownFileType = sourcecode.c.h; path = AFNetworkActivityIndicatorManager.h; sourceTree = "<group>"; };
		AC0AF46B1754AB4600B766E0 /* AFNetworkActivityIndicatorManager.m */ = {isa = PBXFileReference; fileEncoding = 4; lastKnownFileType = sourcecode.c.objc; path = AFNetworkActivityIndicatorManager.m; sourceTree = "<group>"; };
		AC0AF46C1754AB4600B766E0 /* AFNetworking.h */ = {isa = PBXFileReference; fileEncoding = 4; lastKnownFileType = sourcecode.c.h; path = AFNetworking.h; sourceTree = "<group>"; };
		AC0AF46D1754AB4600B766E0 /* AFPropertyListRequestOperation.h */ = {isa = PBXFileReference; fileEncoding = 4; lastKnownFileType = sourcecode.c.h; path = AFPropertyListRequestOperation.h; sourceTree = "<group>"; };
		AC0AF46E1754AB4600B766E0 /* AFPropertyListRequestOperation.m */ = {isa = PBXFileReference; fileEncoding = 4; lastKnownFileType = sourcecode.c.objc; path = AFPropertyListRequestOperation.m; sourceTree = "<group>"; };
		AC0AF46F1754AB4600B766E0 /* AFURLConnectionOperation.h */ = {isa = PBXFileReference; fileEncoding = 4; lastKnownFileType = sourcecode.c.h; path = AFURLConnectionOperation.h; sourceTree = "<group>"; };
		AC0AF4701754AB4600B766E0 /* AFURLConnectionOperation.m */ = {isa = PBXFileReference; fileEncoding = 4; lastKnownFileType = sourcecode.c.objc; path = AFURLConnectionOperation.m; sourceTree = "<group>"; };
		AC0AF4711754AB4600B766E0 /* AFXMLRequestOperation.h */ = {isa = PBXFileReference; fileEncoding = 4; lastKnownFileType = sourcecode.c.h; path = AFXMLRequestOperation.h; sourceTree = "<group>"; };
		AC0AF4721754AB4600B766E0 /* AFXMLRequestOperation.m */ = {isa = PBXFileReference; fileEncoding = 4; lastKnownFileType = sourcecode.c.objc; path = AFXMLRequestOperation.m; sourceTree = "<group>"; };
		AC0AF4731754AB4600B766E0 /* UIImageView+AFNetworking.h */ = {isa = PBXFileReference; fileEncoding = 4; lastKnownFileType = sourcecode.c.h; path = "UIImageView+AFNetworking.h"; sourceTree = "<group>"; };
		AC0AF4741754AB4600B766E0 /* UIImageView+AFNetworking.m */ = {isa = PBXFileReference; fileEncoding = 4; lastKnownFileType = sourcecode.c.objc; path = "UIImageView+AFNetworking.m"; sourceTree = "<group>"; };
		AC0AF4861754BA6300B766E0 /* SystemConfiguration.framework */ = {isa = PBXFileReference; lastKnownFileType = wrapper.framework; name = SystemConfiguration.framework; path = System/Library/Frameworks/SystemConfiguration.framework; sourceTree = SDKROOT; };
		AC0AF4881754BA6A00B766E0 /* MobileCoreServices.framework */ = {isa = PBXFileReference; lastKnownFileType = wrapper.framework; name = MobileCoreServices.framework; path = System/Library/Frameworks/MobileCoreServices.framework; sourceTree = SDKROOT; };
		AC0AF4AF175633B600B766E0 /* Security.framework */ = {isa = PBXFileReference; lastKnownFileType = wrapper.framework; name = Security.framework; path = System/Library/Frameworks/Security.framework; sourceTree = SDKROOT; };
		AC10167C174D6F0F00761AC2 /* CLLocation+measuring.h */ = {isa = PBXFileReference; fileEncoding = 4; lastKnownFileType = sourcecode.c.h; path = "CLLocation+measuring.h"; sourceTree = "<group>"; };
		AC10167D174D6F0F00761AC2 /* CLLocation+measuring.m */ = {isa = PBXFileReference; fileEncoding = 4; lastKnownFileType = sourcecode.c.objc; path = "CLLocation+measuring.m"; sourceTree = "<group>"; };
		AC10167E174D6F0F00761AC2 /* CLLocation+routeInfo.h */ = {isa = PBXFileReference; fileEncoding = 4; lastKnownFileType = sourcecode.c.h; path = "CLLocation+routeInfo.h"; sourceTree = "<group>"; };
		AC10167F174D6F0F00761AC2 /* CLLocation+routeInfo.m */ = {isa = PBXFileReference; fileEncoding = 4; lastKnownFileType = sourcecode.c.objc; path = "CLLocation+routeInfo.m"; sourceTree = "<group>"; };
		AC101680174D6F0F00761AC2 /* CLLocationDeadReckoning.h */ = {isa = PBXFileReference; fileEncoding = 4; lastKnownFileType = sourcecode.c.h; path = CLLocationDeadReckoning.h; sourceTree = "<group>"; };
		AC101681174D6F0F00761AC2 /* CLLocationDeadReckoning.m */ = {isa = PBXFileReference; fileEncoding = 4; lastKnownFileType = sourcecode.c.objc; path = CLLocationDeadReckoning.m; sourceTree = "<group>"; };
		AC101682174D6F0F00761AC2 /* CLLocationDispatch.h */ = {isa = PBXFileReference; fileEncoding = 4; lastKnownFileType = sourcecode.c.h; path = CLLocationDispatch.h; sourceTree = "<group>"; };
		AC101683174D6F0F00761AC2 /* CLLocationDispatch.m */ = {isa = PBXFileReference; fileEncoding = 4; lastKnownFileType = sourcecode.c.objc; path = CLLocationDispatch.m; sourceTree = "<group>"; };
		AC101684174D6F0F00761AC2 /* CLUtilsDefines.h */ = {isa = PBXFileReference; fileEncoding = 4; lastKnownFileType = sourcecode.c.h; path = CLUtilsDefines.h; sourceTree = "<group>"; };
		AC303F8217C4F54400875910 /* SVProgressHUD.bundle */ = {isa = PBXFileReference; lastKnownFileType = "wrapper.plug-in"; path = SVProgressHUD.bundle; sourceTree = "<group>"; };
		AC303F8317C4F54400875910 /* SVProgressHUD.h */ = {isa = PBXFileReference; fileEncoding = 4; lastKnownFileType = sourcecode.c.h; path = SVProgressHUD.h; sourceTree = "<group>"; };
		AC303F8417C4F54400875910 /* SVProgressHUD.m */ = {isa = PBXFileReference; fileEncoding = 4; lastKnownFileType = sourcecode.c.objc; path = SVProgressHUD.m; sourceTree = "<group>"; };
		AC30AEEF1768BE01008449BD /* SIAlertView.bundle */ = {isa = PBXFileReference; lastKnownFileType = "wrapper.plug-in"; path = SIAlertView.bundle; sourceTree = "<group>"; };
		AC30AEF01768BE01008449BD /* SIAlertView.h */ = {isa = PBXFileReference; fileEncoding = 4; lastKnownFileType = sourcecode.c.h; path = SIAlertView.h; sourceTree = "<group>"; };
		AC30AEF11768BE01008449BD /* SIAlertView.m */ = {isa = PBXFileReference; fileEncoding = 4; lastKnownFileType = sourcecode.c.objc; path = SIAlertView.m; sourceTree = "<group>"; };
		AC41F7FC1761EAC100ED3F14 /* AudioToolbox.framework */ = {isa = PBXFileReference; lastKnownFileType = wrapper.framework; name = AudioToolbox.framework; path = System/Library/Frameworks/AudioToolbox.framework; sourceTree = SDKROOT; };
		AC41F7FF1761FE8400ED3F14 /* fanfare.mp3 */ = {isa = PBXFileReference; lastKnownFileType = audio.mp3; path = fanfare.mp3; sourceTree = "<group>"; };
		AC41F8001761FE8400ED3F14 /* success.mp3 */ = {isa = PBXFileReference; lastKnownFileType = audio.mp3; path = success.mp3; sourceTree = "<group>"; };
		AC42EB6C18E70560005BD53B /* AppDelegate.h */ = {isa = PBXFileReference; fileEncoding = 4; lastKnownFileType = sourcecode.c.h; path = AppDelegate.h; sourceTree = "<group>"; };
		AC42EB6D18E70560005BD53B /* AppDelegate.m */ = {isa = PBXFileReference; fileEncoding = 4; lastKnownFileType = sourcecode.c.objc; path = AppDelegate.m; sourceTree = "<group>"; };
		AC42EB6E18E70560005BD53B /* AppState.h */ = {isa = PBXFileReference; fileEncoding = 4; lastKnownFileType = sourcecode.c.h; path = AppState.h; sourceTree = "<group>"; };
		AC42EB6F18E70560005BD53B /* AppState.m */ = {isa = PBXFileReference; fileEncoding = 4; lastKnownFileType = sourcecode.c.objc; path = AppState.m; sourceTree = "<group>"; };
		AC42EB7018E70560005BD53B /* CannotPlayViewController.h */ = {isa = PBXFileReference; fileEncoding = 4; lastKnownFileType = sourcecode.c.h; path = CannotPlayViewController.h; sourceTree = "<group>"; };
		AC42EB7118E70560005BD53B /* CannotPlayViewController.m */ = {isa = PBXFileReference; fileEncoding = 4; lastKnownFileType = sourcecode.c.objc; path = CannotPlayViewController.m; sourceTree = "<group>"; };
		AC42EB7218E70560005BD53B /* CannotPlayViewController.xib */ = {isa = PBXFileReference; fileEncoding = 4; lastKnownFileType = file.xib; path = CannotPlayViewController.xib; sourceTree = "<group>"; };
		AC42EB7318E70560005BD53B /* CatalogViewController.h */ = {isa = PBXFileReference; fileEncoding = 4; lastKnownFileType = sourcecode.c.h; path = CatalogViewController.h; sourceTree = "<group>"; };
		AC42EB7418E70560005BD53B /* CatalogViewController.m */ = {isa = PBXFileReference; fileEncoding = 4; lastKnownFileType = sourcecode.c.objc; path = CatalogViewController.m; sourceTree = "<group>"; };
		AC42EB7518E70560005BD53B /* CatalogViewController.xib */ = {isa = PBXFileReference; fileEncoding = 4; lastKnownFileType = file.xib; path = CatalogViewController.xib; sourceTree = "<group>"; };
		AC42EB7718E70560005BD53B /* CatalogViewCollectionHeader.h */ = {isa = PBXFileReference; fileEncoding = 4; lastKnownFileType = sourcecode.c.h; path = CatalogViewCollectionHeader.h; sourceTree = "<group>"; };
		AC42EB7818E70560005BD53B /* CatalogViewCollectionHeader.m */ = {isa = PBXFileReference; fileEncoding = 4; lastKnownFileType = sourcecode.c.objc; path = CatalogViewCollectionHeader.m; sourceTree = "<group>"; };
		AC42EB7918E70560005BD53B /* CatalogViewCollectionHeader.xib */ = {isa = PBXFileReference; fileEncoding = 4; lastKnownFileType = file.xib; path = CatalogViewCollectionHeader.xib; sourceTree = "<group>"; };
		AC42EB7A18E70560005BD53B /* LocationDetailBodyCell.h */ = {isa = PBXFileReference; fileEncoding = 4; lastKnownFileType = sourcecode.c.h; path = LocationDetailBodyCell.h; sourceTree = "<group>"; };
		AC42EB7B18E70560005BD53B /* LocationDetailBodyCell.m */ = {isa = PBXFileReference; fileEncoding = 4; lastKnownFileType = sourcecode.c.objc; path = LocationDetailBodyCell.m; sourceTree = "<group>"; };
		AC42EB7C18E70560005BD53B /* LocationDetailBodyCell.xib */ = {isa = PBXFileReference; fileEncoding = 4; lastKnownFileType = file.xib; path = LocationDetailBodyCell.xib; sourceTree = "<group>"; };
		AC42EB7D18E70560005BD53B /* LocationDetailPictureCell.h */ = {isa = PBXFileReference; fileEncoding = 4; lastKnownFileType = sourcecode.c.h; path = LocationDetailPictureCell.h; sourceTree = "<group>"; };
		AC42EB7E18E70560005BD53B /* LocationDetailPictureCell.m */ = {isa = PBXFileReference; fileEncoding = 4; lastKnownFileType = sourcecode.c.objc; path = LocationDetailPictureCell.m; sourceTree = "<group>"; };
		AC42EB7F18E70560005BD53B /* LocationDetailPictureCell.xib */ = {isa = PBXFileReference; fileEncoding = 4; lastKnownFileType = file.xib; path = LocationDetailPictureCell.xib; sourceTree = "<group>"; };
		AC42EB8018E70560005BD53B /* LocationDetailTitleCell.h */ = {isa = PBXFileReference; fileEncoding = 4; lastKnownFileType = sourcecode.c.h; path = LocationDetailTitleCell.h; sourceTree = "<group>"; };
		AC42EB8118E70560005BD53B /* LocationDetailTitleCell.m */ = {isa = PBXFileReference; fileEncoding = 4; lastKnownFileType = sourcecode.c.objc; path = LocationDetailTitleCell.m; sourceTree = "<group>"; };
		AC42EB8218E70560005BD53B /* LocationDetailTitleCell.xib */ = {isa = PBXFileReference; fileEncoding = 4; lastKnownFileType = file.xib; path = LocationDetailTitleCell.xib; sourceTree = "<group>"; };
		AC42EB8318E70560005BD53B /* RouteDetailTitleCell.h */ = {isa = PBXFileReference; fileEncoding = 4; lastKnownFileType = sourcecode.c.h; path = RouteDetailTitleCell.h; sourceTree = "<group>"; };
		AC42EB8418E70560005BD53B /* RouteDetailTitleCell.m */ = {isa = PBXFileReference; fileEncoding = 4; lastKnownFileType = sourcecode.c.objc; path = RouteDetailTitleCell.m; sourceTree = "<group>"; };
		AC42EB8518E70560005BD53B /* RouteDetailTitleCell.xib */ = {isa = PBXFileReference; fileEncoding = 4; lastKnownFileType = file.xib; path = RouteDetailTitleCell.xib; sourceTree = "<group>"; };
		AC42EB8618E70560005BD53B /* CheckinView.h */ = {isa = PBXFileReference; fileEncoding = 4; lastKnownFileType = sourcecode.c.h; path = CheckinView.h; sourceTree = "<group>"; };
		AC42EB8718E70560005BD53B /* CheckinView.m */ = {isa = PBXFileReference; fileEncoding = 4; lastKnownFileType = sourcecode.c.objc; path = CheckinView.m; sourceTree = "<group>"; };
		AC42EB8818E70560005BD53B /* CheckinView.xib */ = {isa = PBXFileReference; fileEncoding = 4; lastKnownFileType = file.xib; path = CheckinView.xib; sourceTree = "<group>"; };
		AC42EB8918E70560005BD53B /* CitySelectionViewController.h */ = {isa = PBXFileReference; fileEncoding = 4; lastKnownFileType = sourcecode.c.h; path = CitySelectionViewController.h; sourceTree = "<group>"; };
		AC42EB8A18E70560005BD53B /* CitySelectionViewController.m */ = {isa = PBXFileReference; fileEncoding = 4; lastKnownFileType = sourcecode.c.objc; path = CitySelectionViewController.m; sourceTree = "<group>"; };
		AC42EB8B18E70560005BD53B /* CloudView.h */ = {isa = PBXFileReference; fileEncoding = 4; lastKnownFileType = sourcecode.c.h; path = CloudView.h; sourceTree = "<group>"; };
		AC42EB8C18E70560005BD53B /* CloudView.m */ = {isa = PBXFileReference; fileEncoding = 4; lastKnownFileType = sourcecode.c.objc; path = CloudView.m; sourceTree = "<group>"; };
		AC42EB8D18E70560005BD53B /* CompassTopView.h */ = {isa = PBXFileReference; fileEncoding = 4; lastKnownFileType = sourcecode.c.h; path = CompassTopView.h; sourceTree = "<group>"; };
		AC42EB8E18E70560005BD53B /* CompassTopView.m */ = {isa = PBXFileReference; fileEncoding = 4; lastKnownFileType = sourcecode.c.objc; path = CompassTopView.m; sourceTree = "<group>"; };
		AC42EB8F18E70560005BD53B /* CompassTopView.xib */ = {isa = PBXFileReference; fileEncoding = 4; lastKnownFileType = file.xib; path = CompassTopView.xib; sourceTree = "<group>"; };
		AC42EB9018E70560005BD53B /* CompassViewController.h */ = {isa = PBXFileReference; fileEncoding = 4; lastKnownFileType = sourcecode.c.h; path = CompassViewController.h; sourceTree = "<group>"; };
		AC42EB9118E70560005BD53B /* CompassViewController.m */ = {isa = PBXFileReference; fileEncoding = 4; lastKnownFileType = sourcecode.c.objc; path = CompassViewController.m; sourceTree = "<group>"; };
		AC42EB9218E70560005BD53B /* CompassViewController.xib */ = {isa = PBXFileReference; fileEncoding = 4; lastKnownFileType = file.xib; path = CompassViewController.xib; sourceTree = "<group>"; };
		AC42EB9318E70560005BD53B /* CustomBarButtonViewLeft.h */ = {isa = PBXFileReference; fileEncoding = 4; lastKnownFileType = sourcecode.c.h; path = CustomBarButtonViewLeft.h; sourceTree = "<group>"; };
		AC42EB9418E70560005BD53B /* CustomBarButtonViewLeft.m */ = {isa = PBXFileReference; fileEncoding = 4; lastKnownFileType = sourcecode.c.objc; path = CustomBarButtonViewLeft.m; sourceTree = "<group>"; };
		AC42EB9518E70560005BD53B /* CustomBarButtonViewRight.h */ = {isa = PBXFileReference; fileEncoding = 4; lastKnownFileType = sourcecode.c.h; path = CustomBarButtonViewRight.h; sourceTree = "<group>"; };
		AC42EB9618E70560005BD53B /* CustomBarButtonViewRight.m */ = {isa = PBXFileReference; fileEncoding = 4; lastKnownFileType = sourcecode.c.objc; path = CustomBarButtonViewRight.m; sourceTree = "<group>"; };
		AC42EB9718E70560005BD53B /* DestinationRadarView.h */ = {isa = PBXFileReference; fileEncoding = 4; lastKnownFileType = sourcecode.c.h; path = DestinationRadarView.h; sourceTree = "<group>"; };
		AC42EB9818E70560005BD53B /* DestinationRadarView.m */ = {isa = PBXFileReference; fileEncoding = 4; lastKnownFileType = sourcecode.c.objc; path = DestinationRadarView.m; sourceTree = "<group>"; };
		AC42EB9A18E70560005BD53B /* en */ = {isa = PBXFileReference; lastKnownFileType = text.plist.strings; name = en; path = en.lproj/InfoPlist.strings; sourceTree = "<group>"; };
		AC42EB9C18E70560005BD53B /* en */ = {isa = PBXFileReference; lastKnownFileType = text.plist.strings; name = en; path = en.lproj/Localizable.strings; sourceTree = "<group>"; };
		AC42EBA218E70560005BD53B /* FileUtilities.h */ = {isa = PBXFileReference; fileEncoding = 4; lastKnownFileType = sourcecode.c.h; path = FileUtilities.h; sourceTree = "<group>"; };
		AC42EBA318E70560005BD53B /* FileUtilities.m */ = {isa = PBXFileReference; fileEncoding = 4; lastKnownFileType = sourcecode.c.objc; path = FileUtilities.m; sourceTree = "<group>"; };
		AC42EBA618E70560005BD53B /* GoHikeHTTPClient.h */ = {isa = PBXFileReference; fileEncoding = 4; lastKnownFileType = sourcecode.c.h; path = GoHikeHTTPClient.h; sourceTree = "<group>"; };
		AC42EBA718E70560005BD53B /* GoHikeHTTPClient.m */ = {isa = PBXFileReference; fileEncoding = 4; lastKnownFileType = sourcecode.c.objc; path = GoHikeHTTPClient.m; sourceTree = "<group>"; };
		AC42EBA918E70560005BD53B /* CitiesOverlayView.h */ = {isa = PBXFileReference; fileEncoding = 4; lastKnownFileType = sourcecode.c.h; path = CitiesOverlayView.h; sourceTree = "<group>"; };
		AC42EBAA18E70560005BD53B /* CitiesOverlayView.m */ = {isa = PBXFileReference; fileEncoding = 4; lastKnownFileType = sourcecode.c.objc; path = CitiesOverlayView.m; sourceTree = "<group>"; };
		AC42EBAB18E70560005BD53B /* CitiesOverlayView.xib */ = {isa = PBXFileReference; fileEncoding = 4; lastKnownFileType = file.xib; path = CitiesOverlayView.xib; sourceTree = "<group>"; };
		AC42EBAC18E70560005BD53B /* HelpView.h */ = {isa = PBXFileReference; fileEncoding = 4; lastKnownFileType = sourcecode.c.h; path = HelpView.h; sourceTree = "<group>"; };
		AC42EBAD18E70560005BD53B /* HelpView.m */ = {isa = PBXFileReference; fileEncoding = 4; lastKnownFileType = sourcecode.c.objc; path = HelpView.m; sourceTree = "<group>"; };
		AC42EBAE18E70560005BD53B /* HelpView.xib */ = {isa = PBXFileReference; fileEncoding = 4; lastKnownFileType = file.xib; path = HelpView.xib; sourceTree = "<group>"; };
		AC42EBB018E70560005BD53B /* it */ = {isa = PBXFileReference; lastKnownFileType = text.plist.strings; name = it; path = it.lproj/InfoPlist.strings; sourceTree = "<group>"; };
		AC42EBB118E70560005BD53B /* it */ = {isa = PBXFileReference; lastKnownFileType = text.plist.strings; name = it; path = it.lproj/Localizable.strings; sourceTree = "<group>"; };
		AC42EBB218E70560005BD53B /* LocationDetailTableViewController.h */ = {isa = PBXFileReference; fileEncoding = 4; lastKnownFileType = sourcecode.c.h; path = LocationDetailTableViewController.h; sourceTree = "<group>"; };
		AC42EBB318E70560005BD53B /* LocationDetailTableViewController.m */ = {isa = PBXFileReference; fileEncoding = 4; lastKnownFileType = sourcecode.c.objc; path = LocationDetailTableViewController.m; sourceTree = "<group>"; };
		AC42EBB418E70560005BD53B /* LocationDetailViewController.h */ = {isa = PBXFileReference; fileEncoding = 4; lastKnownFileType = sourcecode.c.h; path = LocationDetailViewController.h; sourceTree = "<group>"; };
		AC42EBB518E70560005BD53B /* LocationDetailViewController.m */ = {isa = PBXFileReference; fileEncoding = 4; lastKnownFileType = sourcecode.c.objc; path = LocationDetailViewController.m; sourceTree = "<group>"; };
		AC42EBB618E70560005BD53B /* LocationDetailViewController.xib */ = {isa = PBXFileReference; fileEncoding = 4; lastKnownFileType = file.xib; path = LocationDetailViewController.xib; sourceTree = "<group>"; };
		AC42EBB718E70560005BD53B /* main.m */ = {isa = PBXFileReference; fileEncoding = 4; lastKnownFileType = sourcecode.c.objc; path = main.m; sourceTree = "<group>"; };
		AC42EBB818E70560005BD53B /* MapPoint.h */ = {isa = PBXFileReference; fileEncoding = 4; lastKnownFileType = sourcecode.c.h; path = MapPoint.h; sourceTree = "<group>"; };
		AC42EBB918E70560005BD53B /* MapPoint.m */ = {isa = PBXFileReference; fileEncoding = 4; lastKnownFileType = sourcecode.c.objc; path = MapPoint.m; sourceTree = "<group>"; };
		AC42EBBA18E70560005BD53B /* MapViewController.h */ = {isa = PBXFileReference; fileEncoding = 4; lastKnownFileType = sourcecode.c.h; path = MapViewController.h; sourceTree = "<group>"; };
		AC42EBBB18E70560005BD53B /* MapViewController.m */ = {isa = PBXFileReference; fileEncoding = 4; lastKnownFileType = sourcecode.c.objc; path = MapViewController.m; sourceTree = "<group>"; };
		AC42EBBD18E70560005BD53B /* Checkin.h */ = {isa = PBXFileReference; fileEncoding = 4; lastKnownFileType = sourcecode.c.h; path = Checkin.h; sourceTree = "<group>"; };
		AC42EBBE18E70560005BD53B /* Checkin.m */ = {isa = PBXFileReference; fileEncoding = 4; lastKnownFileType = sourcecode.c.objc; path = Checkin.m; sourceTree = "<group>"; };
		AC42EBBF18E70560005BD53B /* DataModels.h */ = {isa = PBXFileReference; fileEncoding = 4; lastKnownFileType = sourcecode.c.h; path = DataModels.h; sourceTree = "<group>"; };
		AC42EBC018E70560005BD53B /* NSArray+GHCatalog.h */ = {isa = PBXFileReference; fileEncoding = 4; lastKnownFileType = sourcecode.c.h; path = "NSArray+GHCatalog.h"; sourceTree = "<group>"; };
		AC42EBC118E70560005BD53B /* NSArray+GHCatalog.m */ = {isa = PBXFileReference; fileEncoding = 4; lastKnownFileType = sourcecode.c.objc; path = "NSArray+GHCatalog.m"; sourceTree = "<group>"; };
		AC42EBC218E70560005BD53B /* NSDictionary+GHCities.h */ = {isa = PBXFileReference; fileEncoding = 4; lastKnownFileType = sourcecode.c.h; path = "NSDictionary+GHCities.h"; sourceTree = "<group>"; };
		AC42EBC318E70560005BD53B /* NSDictionary+GHCities.m */ = {isa = PBXFileReference; fileEncoding = 4; lastKnownFileType = sourcecode.c.objc; path = "NSDictionary+GHCities.m"; sourceTree = "<group>"; };
		AC42EBC418E70560005BD53B /* NSDictionary+GHCity.h */ = {isa = PBXFileReference; fileEncoding = 4; lastKnownFileType = sourcecode.c.h; path = "NSDictionary+GHCity.h"; sourceTree = "<group>"; };
		AC42EBC518E70560005BD53B /* NSDictionary+GHCity.m */ = {isa = PBXFileReference; fileEncoding = 4; lastKnownFileType = sourcecode.c.objc; path = "NSDictionary+GHCity.m"; sourceTree = "<group>"; };
		AC42EBC618E70560005BD53B /* NSDictionary+GHImage.h */ = {isa = PBXFileReference; fileEncoding = 4; lastKnownFileType = sourcecode.c.h; path = "NSDictionary+GHImage.h"; sourceTree = "<group>"; };
		AC42EBC718E70560005BD53B /* NSDictionary+GHImage.m */ = {isa = PBXFileReference; fileEncoding = 4; lastKnownFileType = sourcecode.c.objc; path = "NSDictionary+GHImage.m"; sourceTree = "<group>"; };
		AC42EBC818E70560005BD53B /* NSDictionary+GHProfile.h */ = {isa = PBXFileReference; fileEncoding = 4; lastKnownFileType = sourcecode.c.h; path = "NSDictionary+GHProfile.h"; sourceTree = "<group>"; };
		AC42EBC918E70560005BD53B /* NSDictionary+GHProfile.m */ = {isa = PBXFileReference; fileEncoding = 4; lastKnownFileType = sourcecode.c.objc; path = "NSDictionary+GHProfile.m"; sourceTree = "<group>"; };
		AC42EBCA18E70560005BD53B /* NSDictionary+GHReward.h */ = {isa = PBXFileReference; fileEncoding = 4; lastKnownFileType = sourcecode.c.h; path = "NSDictionary+GHReward.h"; sourceTree = "<group>"; };
		AC42EBCB18E70560005BD53B /* NSDictionary+GHReward.m */ = {isa = PBXFileReference; fileEncoding = 4; lastKnownFileType = sourcecode.c.objc; path = "NSDictionary+GHReward.m"; sourceTree = "<group>"; };
		AC42EBCC18E70560005BD53B /* NSDictionary+GHRoute.h */ = {isa = PBXFileReference; fileEncoding = 4; lastKnownFileType = sourcecode.c.h; path = "NSDictionary+GHRoute.h"; sourceTree = "<group>"; };
		AC42EBCD18E70560005BD53B /* NSDictionary+GHRoute.m */ = {isa = PBXFileReference; fileEncoding = 4; lastKnownFileType = sourcecode.c.objc; path = "NSDictionary+GHRoute.m"; sourceTree = "<group>"; };
		AC42EBCE18E70560005BD53B /* NSDictionary+GHWaypoint.h */ = {isa = PBXFileReference; fileEncoding = 4; lastKnownFileType = sourcecode.c.h; path = "NSDictionary+GHWaypoint.h"; sourceTree = "<group>"; };
		AC42EBCF18E70560005BD53B /* NSDictionary+GHWaypoint.m */ = {isa = PBXFileReference; fileEncoding = 4; lastKnownFileType = sourcecode.c.objc; path = "NSDictionary+GHWaypoint.m"; sourceTree = "<group>"; };
		AC42EBD018E70560005BD53B /* NavigationStatusView.h */ = {isa = PBXFileReference; fileEncoding = 4; lastKnownFileType = sourcecode.c.h; path = NavigationStatusView.h; sourceTree = "<group>"; };
		AC42EBD118E70560005BD53B /* NavigationStatusView.m */ = {isa = PBXFileReference; fileEncoding = 4; lastKnownFileType = sourcecode.c.objc; path = NavigationStatusView.m; sourceTree = "<group>"; };
		AC42EBD218E70560005BD53B /* NavigationStatusView.xib */ = {isa = PBXFileReference; fileEncoding = 4; lastKnownFileType = file.xib; path = NavigationStatusView.xib; sourceTree = "<group>"; };
		AC42EBD318E70560005BD53B /* nl */ = {isa = PBXFileReference; lastKnownFileType = text.plist.strings; name = nl; path = nl.lproj/InfoPlist.strings; sourceTree = "<group>"; };
		AC42EBD418E70560005BD53B /* nl */ = {isa = PBXFileReference; lastKnownFileType = text.plist.strings; name = nl; path = nl.lproj/Localizable.strings; sourceTree = "<group>"; };
		AC42EBD518E70560005BD53B /* OverlayView.h */ = {isa = PBXFileReference; fileEncoding = 4; lastKnownFileType = sourcecode.c.h; path = OverlayView.h; sourceTree = "<group>"; };
		AC42EBD618E70560005BD53B /* OverlayView.m */ = {isa = PBXFileReference; fileEncoding = 4; lastKnownFileType = sourcecode.c.objc; path = OverlayView.m; sourceTree = "<group>"; };
		AC42EBD718E70560005BD53B /* OverlayView.xib */ = {isa = PBXFileReference; fileEncoding = 4; lastKnownFileType = file.xib; path = OverlayView.xib; sourceTree = "<group>"; };
		AC42EBD818E70560005BD53B /* RewardViewController.h */ = {isa = PBXFileReference; fileEncoding = 4; lastKnownFileType = sourcecode.c.h; path = RewardViewController.h; sourceTree = "<group>"; };
		AC42EBD918E70560005BD53B /* RewardViewController.m */ = {isa = PBXFileReference; fileEncoding = 4; lastKnownFileType = sourcecode.c.objc; path = RewardViewController.m; sourceTree = "<group>"; };
		AC42EBDA18E70560005BD53B /* RewardViewController.xib */ = {isa = PBXFileReference; fileEncoding = 4; lastKnownFileType = file.xib; path = RewardViewController.xib; sourceTree = "<group>"; };
		AC42EBDB18E70560005BD53B /* routeme.plist */ = {isa = PBXFileReference; fileEncoding = 4; lastKnownFileType = text.plist.xml; path = routeme.plist; sourceTree = "<group>"; };
		AC42EBDC18E70560005BD53B /* RouteStartViewController.h */ = {isa = PBXFileReference; fileEncoding = 4; lastKnownFileType = sourcecode.c.h; path = RouteStartViewController.h; sourceTree = "<group>"; };
		AC42EBDD18E70560005BD53B /* RouteStartViewController.m */ = {isa = PBXFileReference; fileEncoding = 4; lastKnownFileType = sourcecode.c.objc; path = RouteStartViewController.m; sourceTree = "<group>"; };
		AC42EBDE18E70560005BD53B /* Secret.h */ = {isa = PBXFileReference; fileEncoding = 4; lastKnownFileType = sourcecode.c.h; path = Secret.h; sourceTree = "<group>"; };
		AC42EBDF18E70560005BD53B /* SelectionCell.h */ = {isa = PBXFileReference; fileEncoding = 4; lastKnownFileType = sourcecode.c.h; path = SelectionCell.h; sourceTree = "<group>"; };
		AC42EBE018E70560005BD53B /* SelectionCell.m */ = {isa = PBXFileReference; fileEncoding = 4; lastKnownFileType = sourcecode.c.objc; path = SelectionCell.m; sourceTree = "<group>"; };
		AC42EBE118E70560005BD53B /* SelectionCell.xib */ = {isa = PBXFileReference; fileEncoding = 4; lastKnownFileType = file.xib; path = SelectionCell.xib; sourceTree = "<group>"; };
		AC42EBE318E70560005BD53B /* SettingsViewController.h */ = {isa = PBXFileReference; fileEncoding = 4; lastKnownFileType = sourcecode.c.h; path = SettingsViewController.h; sourceTree = "<group>"; };
		AC42EBE418E70560005BD53B /* SettingsViewController.m */ = {isa = PBXFileReference; fileEncoding = 4; lastKnownFileType = sourcecode.c.objc; path = SettingsViewController.m; sourceTree = "<group>"; };
		AC42EBE518E70560005BD53B /* TableBackground.xib */ = {isa = PBXFileReference; fileEncoding = 4; lastKnownFileType = file.xib; path = TableBackground.xib; sourceTree = "<group>"; };
		AC42EBE618E70560005BD53B /* Utilities.h */ = {isa = PBXFileReference; fileEncoding = 4; lastKnownFileType = sourcecode.c.h; path = Utilities.h; sourceTree = "<group>"; };
		AC42EBE718E70560005BD53B /* Utilities.m */ = {isa = PBXFileReference; fileEncoding = 4; lastKnownFileType = sourcecode.c.objc; path = Utilities.m; sourceTree = "<group>"; };
		AC42EC2C18E70708005BD53B /* Images.xcassets */ = {isa = PBXFileReference; lastKnownFileType = folder.assetcatalog; path = Images.xcassets; sourceTree = "<group>"; };
		AC42EC3318E73ADB005BD53B /* amsterdamcentrum.gpx */ = {isa = PBXFileReference; fileEncoding = 4; lastKnownFileType = text.xml; path = amsterdamcentrum.gpx; sourceTree = "<group>"; };
		AC5BEDA8174CC82D0067F08F /* default-profile.png */ = {isa = PBXFileReference; lastKnownFileType = image.png; path = "default-profile.png"; sourceTree = "<group>"; };
		AC81E86718E891B00074C301 /* HockeySDK.framework */ = {isa = PBXFileReference; lastKnownFileType = wrapper.framework; path = HockeySDK.framework; sourceTree = "<group>"; };
		AC81E86918E891B00074C301 /* HockeySDK.xcconfig */ = {isa = PBXFileReference; fileEncoding = 4; lastKnownFileType = text.xcconfig; path = HockeySDK.xcconfig; sourceTree = "<group>"; };
		AC81E86A18E891B00074C301 /* HockeySDKResources.bundle */ = {isa = PBXFileReference; lastKnownFileType = "wrapper.plug-in"; path = HockeySDKResources.bundle; sourceTree = "<group>"; };
		AC81E86E18E891BF0074C301 /* CoreText.framework */ = {isa = PBXFileReference; lastKnownFileType = wrapper.framework; name = CoreText.framework; path = System/Library/Frameworks/CoreText.framework; sourceTree = SDKROOT; };
		AC81E87018E8B0900074C301 /* festigo-Info.plist */ = {isa = PBXFileReference; fileEncoding = 4; lastKnownFileType = text.plist.xml; path = "festigo-Info.plist"; sourceTree = "<group>"; };
		AC81E87118E8B0900074C301 /* festigo-Prefix.pch */ = {isa = PBXFileReference; fileEncoding = 4; lastKnownFileType = sourcecode.c.h; path = "festigo-Prefix.pch"; sourceTree = "<group>"; };
		AC844BF817629EE30092D79C /* SSKeychain.h */ = {isa = PBXFileReference; fileEncoding = 4; lastKnownFileType = sourcecode.c.h; path = SSKeychain.h; sourceTree = "<group>"; };
		AC844BF917629EE30092D79C /* SSKeychain.m */ = {isa = PBXFileReference; fileEncoding = 4; lastKnownFileType = sourcecode.c.objc; path = SSKeychain.m; sourceTree = "<group>"; };
		ACB0B7C418EC2CFF008F8AD1 /* GAI.h */ = {isa = PBXFileReference; fileEncoding = 4; lastKnownFileType = sourcecode.c.h; name = GAI.h; path = GoogleAnalyticsServicesiOS_3.06/GAI.h; sourceTree = "<group>"; };
		ACB0B7C518EC2CFF008F8AD1 /* GAIDictionaryBuilder.h */ = {isa = PBXFileReference; fileEncoding = 4; lastKnownFileType = sourcecode.c.h; name = GAIDictionaryBuilder.h; path = GoogleAnalyticsServicesiOS_3.06/GAIDictionaryBuilder.h; sourceTree = "<group>"; };
		ACB0B7C618EC2CFF008F8AD1 /* GAIFields.h */ = {isa = PBXFileReference; fileEncoding = 4; lastKnownFileType = sourcecode.c.h; name = GAIFields.h; path = GoogleAnalyticsServicesiOS_3.06/GAIFields.h; sourceTree = "<group>"; };
		ACB0B7C718EC2CFF008F8AD1 /* GAILogger.h */ = {isa = PBXFileReference; fileEncoding = 4; lastKnownFileType = sourcecode.c.h; name = GAILogger.h; path = GoogleAnalyticsServicesiOS_3.06/GAILogger.h; sourceTree = "<group>"; };
		ACB0B7C818EC2CFF008F8AD1 /* GAITrackedViewController.h */ = {isa = PBXFileReference; fileEncoding = 4; lastKnownFileType = sourcecode.c.h; name = GAITrackedViewController.h; path = GoogleAnalyticsServicesiOS_3.06/GAITrackedViewController.h; sourceTree = "<group>"; };
		ACB0B7C918EC2CFF008F8AD1 /* GAITracker.h */ = {isa = PBXFileReference; fileEncoding = 4; lastKnownFileType = sourcecode.c.h; name = GAITracker.h; path = GoogleAnalyticsServicesiOS_3.06/GAITracker.h; sourceTree = "<group>"; };
		ACB0B7CA18EC2CFF008F8AD1 /* libAdIdAccess.a */ = {isa = PBXFileReference; lastKnownFileType = archive.ar; name = libAdIdAccess.a; path = GoogleAnalyticsServicesiOS_3.06/libAdIdAccess.a; sourceTree = "<group>"; };
		ACB0B7CB18EC2CFF008F8AD1 /* libGoogleAnalyticsServices.a */ = {isa = PBXFileReference; lastKnownFileType = archive.ar; name = libGoogleAnalyticsServices.a; path = GoogleAnalyticsServicesiOS_3.06/libGoogleAnalyticsServices.a; sourceTree = "<group>"; };
		ACB0B7CC18EC2CFF008F8AD1 /* TAGContainer.h */ = {isa = PBXFileReference; fileEncoding = 4; lastKnownFileType = sourcecode.c.h; name = TAGContainer.h; path = GoogleAnalyticsServicesiOS_3.06/TAGContainer.h; sourceTree = "<group>"; };
		ACB0B7CD18EC2CFF008F8AD1 /* TAGContainerOpener.h */ = {isa = PBXFileReference; fileEncoding = 4; lastKnownFileType = sourcecode.c.h; name = TAGContainerOpener.h; path = GoogleAnalyticsServicesiOS_3.06/TAGContainerOpener.h; sourceTree = "<group>"; };
		ACB0B7CE18EC2CFF008F8AD1 /* TAGDataLayer.h */ = {isa = PBXFileReference; fileEncoding = 4; lastKnownFileType = sourcecode.c.h; name = TAGDataLayer.h; path = GoogleAnalyticsServicesiOS_3.06/TAGDataLayer.h; sourceTree = "<group>"; };
		ACB0B7CF18EC2CFF008F8AD1 /* TAGLogger.h */ = {isa = PBXFileReference; fileEncoding = 4; lastKnownFileType = sourcecode.c.h; name = TAGLogger.h; path = GoogleAnalyticsServicesiOS_3.06/TAGLogger.h; sourceTree = "<group>"; };
		ACB0B7D018EC2CFF008F8AD1 /* TAGManager.h */ = {isa = PBXFileReference; fileEncoding = 4; lastKnownFileType = sourcecode.c.h; name = TAGManager.h; path = GoogleAnalyticsServicesiOS_3.06/TAGManager.h; sourceTree = "<group>"; };
		ACB0B7D418EC2E15008F8AD1 /* Settings.bundle */ = {isa = PBXFileReference; lastKnownFileType = "wrapper.plug-in"; path = Settings.bundle; sourceTree = "<group>"; };
		ACB0B7D618EC2EAC008F8AD1 /* CoreData.framework */ = {isa = PBXFileReference; lastKnownFileType = wrapper.framework; name = CoreData.framework; path = System/Library/Frameworks/CoreData.framework; sourceTree = SDKROOT; };
		ACC893B5175F7A3C002AC636 /* libz.dylib */ = {isa = PBXFileReference; lastKnownFileType = "compiled.mach-o.dylib"; name = libz.dylib; path = usr/lib/libz.dylib; sourceTree = SDKROOT; };
		ACDBD96818E886510063AAB7 /* NSDataAdditions.h */ = {isa = PBXFileReference; fileEncoding = 4; lastKnownFileType = sourcecode.c.h; path = NSDataAdditions.h; sourceTree = "<group>"; };
		ACDBD96918E886510063AAB7 /* NSDataAdditions.m */ = {isa = PBXFileReference; fileEncoding = 4; lastKnownFileType = sourcecode.c.objc; path = NSDataAdditions.m; sourceTree = "<group>"; };
		ACDBD96A18E886510063AAB7 /* NSLayoutConstraint+EvenDistribution.h */ = {isa = PBXFileReference; fileEncoding = 4; lastKnownFileType = sourcecode.c.h; path = "NSLayoutConstraint+EvenDistribution.h"; sourceTree = "<group>"; };
		ACDBD96B18E886510063AAB7 /* NSLayoutConstraint+EvenDistribution.m */ = {isa = PBXFileReference; fileEncoding = 4; lastKnownFileType = sourcecode.c.objc; path = "NSLayoutConstraint+EvenDistribution.m"; sourceTree = "<group>"; };
		ACDBD96E18E886C10063AAB7 /* UIImage+ImageEffects.h */ = {isa = PBXFileReference; fileEncoding = 4; lastKnownFileType = sourcecode.c.h; path = "UIImage+ImageEffects.h"; sourceTree = "<group>"; };
		ACDBD96F18E886C10063AAB7 /* UIImage+ImageEffects.m */ = {isa = PBXFileReference; fileEncoding = 4; lastKnownFileType = sourcecode.c.objc; path = "UIImage+ImageEffects.m"; sourceTree = "<group>"; };
		ACDBD97118E886D70063AAB7 /* AdelleBasic_BoldItalic.ttf */ = {isa = PBXFileReference; lastKnownFileType = file; path = AdelleBasic_BoldItalic.ttf; sourceTree = "<group>"; };
		ACDBD97218E886EF0063AAB7 /* AdelleBasic_Bold.ttf */ = {isa = PBXFileReference; lastKnownFileType = file; path = AdelleBasic_Bold.ttf; sourceTree = "<group>"; };
		ACDBD97618E887F40063AAB7 /* SystemVersion.h */ = {isa = PBXFileReference; lastKnownFileType = sourcecode.c.h; path = SystemVersion.h; sourceTree = "<group>"; };
		ACDBD97718E8890A0063AAB7 /* CoreImage.framework */ = {isa = PBXFileReference; lastKnownFileType = wrapper.framework; name = CoreImage.framework; path = System/Library/Frameworks/CoreImage.framework; sourceTree = SDKROOT; };
		ACDBD97918E889290063AAB7 /* Accelerate.framework */ = {isa = PBXFileReference; lastKnownFileType = wrapper.framework; name = Accelerate.framework; path = System/Library/Frameworks/Accelerate.framework; sourceTree = SDKROOT; };
		ACDD9B681743B20200D64682 /* festigo.app */ = {isa = PBXFileReference; explicitFileType = wrapper.application; includeInIndex = 0; path = festigo.app; sourceTree = BUILT_PRODUCTS_DIR; };
		ACDD9B6B1743B20200D64682 /* UIKit.framework */ = {isa = PBXFileReference; lastKnownFileType = wrapper.framework; name = UIKit.framework; path = System/Library/Frameworks/UIKit.framework; sourceTree = SDKROOT; };
		ACDD9B6D1743B20200D64682 /* Foundation.framework */ = {isa = PBXFileReference; lastKnownFileType = wrapper.framework; name = Foundation.framework; path = System/Library/Frameworks/Foundation.framework; sourceTree = SDKROOT; };
		ACDD9B6F1743B20200D64682 /* CoreGraphics.framework */ = {isa = PBXFileReference; lastKnownFileType = wrapper.framework; name = CoreGraphics.framework; path = System/Library/Frameworks/CoreGraphics.framework; sourceTree = SDKROOT; };
		ACDD9BE91743EBAB00D64682 /* QuartzCore.framework */ = {isa = PBXFileReference; lastKnownFileType = wrapper.framework; name = QuartzCore.framework; path = System/Library/Frameworks/QuartzCore.framework; sourceTree = SDKROOT; };
		ACE2AD3F17628D94004C6AF8 /* AdSupport.framework */ = {isa = PBXFileReference; lastKnownFileType = wrapper.framework; name = AdSupport.framework; path = System/Library/Frameworks/AdSupport.framework; sourceTree = SDKROOT; };
/* End PBXFileReference section */

/* Begin PBXFrameworksBuildPhase section */
		ACDD9B651743B20200D64682 /* Frameworks */ = {
			isa = PBXFrameworksBuildPhase;
			buildActionMask = 2147483647;
			files = (
				ACE2AD4017628D94004C6AF8 /* AdSupport.framework in Frameworks */,
				ACB0B7D718EC2EAC008F8AD1 /* CoreData.framework in Frameworks */,
				AC0AF4B0175633B700B766E0 /* Security.framework in Frameworks */,
				ACDD9B701743B20200D64682 /* CoreGraphics.framework in Frameworks */,
				AC81E86F18E891BF0074C301 /* CoreText.framework in Frameworks */,
				ACDBD97B18E889650063AAB7 /* libsqlite3.dylib in Frameworks */,
				ACDBD97A18E8892A0063AAB7 /* Accelerate.framework in Frameworks */,
				AC06F91317CFE3B7002E6B67 /* Accounts.framework in Frameworks */,
				AC41F7FD1761EAC100ED3F14 /* AudioToolbox.framework in Frameworks */,
				ACC893B6175F7A3C002AC636 /* libz.dylib in Frameworks */,
				ACB0B7D118EC2CFF008F8AD1 /* libAdIdAccess.a in Frameworks */,
				AC0AF4891754BA6A00B766E0 /* MobileCoreServices.framework in Frameworks */,
				AC0AF4871754BA6300B766E0 /* SystemConfiguration.framework in Frameworks */,
				1CB18469174BC0A500D71DA4 /* CoreLocation.framework in Frameworks */,
				ACDD9BEA1743EBAB00D64682 /* QuartzCore.framework in Frameworks */,
				ACDD9B6C1743B20200D64682 /* UIKit.framework in Frameworks */,
				ACDD9B6E1743B20200D64682 /* Foundation.framework in Frameworks */,
				AC81E86B18E891B00074C301 /* HockeySDK.framework in Frameworks */,
				ACB0B7D218EC2CFF008F8AD1 /* libGoogleAnalyticsServices.a in Frameworks */,
				A726AA73175DEA9F00C7F8E6 /* Social.framework in Frameworks */,
				A71CF122175E3BEB00FA2168 /* MapKit.framework in Frameworks */,
				AC06F90F17CFE375002E6B67 /* FacebookSDK.framework in Frameworks */,
			);
			runOnlyForDeploymentPostprocessing = 0;
		};
/* End PBXFrameworksBuildPhase section */

/* Begin PBXGroup section */
		AC06F91617CFE3EC002E6B67 /* FacebookSDK Stuff */ = {
			isa = PBXGroup;
			children = (
				AC06F91417CFE3DB002E6B67 /* libsqlite3.dylib */,
				AC06F91217CFE3B7002E6B67 /* Accounts.framework */,
				AC06F91017CFE38A002E6B67 /* FacebookSDKResources.bundle */,
				AC06F90E17CFE375002E6B67 /* FacebookSDK.framework */,
			);
			name = "FacebookSDK Stuff";
			sourceTree = "<group>";
		};
		AC0AF4611754AB4600B766E0 /* AFNetworking */ = {
			isa = PBXGroup;
			children = (
				AC0AF4621754AB4600B766E0 /* AFHTTPClient.h */,
				AC0AF4631754AB4600B766E0 /* AFHTTPClient.m */,
				AC0AF4641754AB4600B766E0 /* AFHTTPRequestOperation.h */,
				AC0AF4651754AB4600B766E0 /* AFHTTPRequestOperation.m */,
				AC0AF4661754AB4600B766E0 /* AFImageRequestOperation.h */,
				AC0AF4671754AB4600B766E0 /* AFImageRequestOperation.m */,
				AC0AF4681754AB4600B766E0 /* AFJSONRequestOperation.h */,
				AC0AF4691754AB4600B766E0 /* AFJSONRequestOperation.m */,
				AC0AF46A1754AB4600B766E0 /* AFNetworkActivityIndicatorManager.h */,
				AC0AF46B1754AB4600B766E0 /* AFNetworkActivityIndicatorManager.m */,
				AC0AF46C1754AB4600B766E0 /* AFNetworking.h */,
				AC0AF46D1754AB4600B766E0 /* AFPropertyListRequestOperation.h */,
				AC0AF46E1754AB4600B766E0 /* AFPropertyListRequestOperation.m */,
				AC0AF46F1754AB4600B766E0 /* AFURLConnectionOperation.h */,
				AC0AF4701754AB4600B766E0 /* AFURLConnectionOperation.m */,
				AC0AF4711754AB4600B766E0 /* AFXMLRequestOperation.h */,
				AC0AF4721754AB4600B766E0 /* AFXMLRequestOperation.m */,
				AC0AF4731754AB4600B766E0 /* UIImageView+AFNetworking.h */,
				AC0AF4741754AB4600B766E0 /* UIImageView+AFNetworking.m */,
			);
			name = AFNetworking;
			path = AFNetworking/AFNetworking;
			sourceTree = "<group>";
		};
		AC10167A174D6F0F00761AC2 /* CoreLocationUtils */ = {
			isa = PBXGroup;
			children = (
				AC10167B174D6F0F00761AC2 /* CoreLocationUtils */,
			);
			path = CoreLocationUtils;
			sourceTree = SOURCE_ROOT;
		};
		AC10167B174D6F0F00761AC2 /* CoreLocationUtils */ = {
			isa = PBXGroup;
			children = (
				AC10167C174D6F0F00761AC2 /* CLLocation+measuring.h */,
				AC10167D174D6F0F00761AC2 /* CLLocation+measuring.m */,
				AC10167E174D6F0F00761AC2 /* CLLocation+routeInfo.h */,
				AC10167F174D6F0F00761AC2 /* CLLocation+routeInfo.m */,
				AC101680174D6F0F00761AC2 /* CLLocationDeadReckoning.h */,
				AC101681174D6F0F00761AC2 /* CLLocationDeadReckoning.m */,
				AC101682174D6F0F00761AC2 /* CLLocationDispatch.h */,
				AC101683174D6F0F00761AC2 /* CLLocationDispatch.m */,
				AC101684174D6F0F00761AC2 /* CLUtilsDefines.h */,
			);
			path = CoreLocationUtils;
			sourceTree = "<group>";
		};
		AC303F8017C4F53100875910 /* ThirdParties */ = {
			isa = PBXGroup;
			children = (
				ACB0B7D318EC2D05008F8AD1 /* Google analytics */,
				AC303F8117C4F54400875910 /* SVProgressHUD */,
				AC30AEEE1768BE01008449BD /* SIAlertView */,
				AC844BF717629EE30092D79C /* SSKeychain */,
				AC0AF4611754AB4600B766E0 /* AFNetworking */,
				AC10167A174D6F0F00761AC2 /* CoreLocationUtils */,
			);
			name = ThirdParties;
			sourceTree = "<group>";
		};
		AC303F8117C4F54400875910 /* SVProgressHUD */ = {
			isa = PBXGroup;
			children = (
				AC303F8217C4F54400875910 /* SVProgressHUD.bundle */,
				AC303F8317C4F54400875910 /* SVProgressHUD.h */,
				AC303F8417C4F54400875910 /* SVProgressHUD.m */,
			);
			name = SVProgressHUD;
			path = SVProgressHUD/SVProgressHUD;
			sourceTree = "<group>";
		};
		AC30AEEE1768BE01008449BD /* SIAlertView */ = {
			isa = PBXGroup;
			children = (
				AC30AEEF1768BE01008449BD /* SIAlertView.bundle */,
				AC30AEF01768BE01008449BD /* SIAlertView.h */,
				AC30AEF11768BE01008449BD /* SIAlertView.m */,
			);
			name = SIAlertView;
			path = SIAlertView/SIAlertView;
			sourceTree = "<group>";
		};
		AC41F7FE1761FE8400ED3F14 /* Sounds */ = {
			isa = PBXGroup;
			children = (
				AC41F7FF1761FE8400ED3F14 /* fanfare.mp3 */,
				AC41F8001761FE8400ED3F14 /* success.mp3 */,
			);
			path = Sounds;
			sourceTree = "<group>";
		};
		AC42EB6B18E70560005BD53B /* festigo */ = {
			isa = PBXGroup;
			children = (
				ACDBD96718E886510063AAB7 /* Categories */,
				AC42EBBC18E70560005BD53B /* Model */,
				AC42EB7618E70560005BD53B /* Cells */,
				ACDBD96518E885E10063AAB7 /* Catalog */,
				ACDBD96418E885D80063AAB7 /* CheckinView */,
				ACDBD96318E885C90063AAB7 /* Compass and Navigation Views */,
				AC42EBA818E70560005BD53B /* HelpViews */,
				ACDBD97318E887270063AAB7 /* Location Detail */,
				AC42EB6C18E70560005BD53B /* AppDelegate.h */,
				AC42EB6D18E70560005BD53B /* AppDelegate.m */,
				AC42EB6E18E70560005BD53B /* AppState.h */,
				AC42EB6F18E70560005BD53B /* AppState.m */,
				AC42EBDC18E70560005BD53B /* RouteStartViewController.h */,
				AC42EBDD18E70560005BD53B /* RouteStartViewController.m */,
				AC42EB7018E70560005BD53B /* CannotPlayViewController.h */,
				AC42EB7118E70560005BD53B /* CannotPlayViewController.m */,
				AC42EB7218E70560005BD53B /* CannotPlayViewController.xib */,
				AC42EB8918E70560005BD53B /* CitySelectionViewController.h */,
				AC42EB8A18E70560005BD53B /* CitySelectionViewController.m */,
				ACDBD96618E885F00063AAB7 /* Custom Navigationbar Views */,
				AC42EBA218E70560005BD53B /* FileUtilities.h */,
				AC42EBA318E70560005BD53B /* FileUtilities.m */,
				AC42EBA618E70560005BD53B /* GoHikeHTTPClient.h */,
				AC42EBA718E70560005BD53B /* GoHikeHTTPClient.m */,
				AC42EBB818E70560005BD53B /* MapPoint.h */,
				AC42EBB918E70560005BD53B /* MapPoint.m */,
				AC42EBBA18E70560005BD53B /* MapViewController.h */,
				AC42EBBB18E70560005BD53B /* MapViewController.m */,
				AC42EBD818E70560005BD53B /* RewardViewController.h */,
				AC42EBD918E70560005BD53B /* RewardViewController.m */,
				AC42EBDA18E70560005BD53B /* RewardViewController.xib */,
				AC42EBE218E70560005BD53B /* Settings */,
				AC42EBE518E70560005BD53B /* TableBackground.xib */,
				AC42EBE618E70560005BD53B /* Utilities.h */,
				AC42EBE718E70560005BD53B /* Utilities.m */,
				AC42EC2B18E70599005BD53B /* Supporting Files */,
			);
			path = festigo;
			sourceTree = "<group>";
		};
		AC42EB7618E70560005BD53B /* Cells */ = {
			isa = PBXGroup;
			children = (
				AC42EB7718E70560005BD53B /* CatalogViewCollectionHeader.h */,
				AC42EB7818E70560005BD53B /* CatalogViewCollectionHeader.m */,
				AC42EB7918E70560005BD53B /* CatalogViewCollectionHeader.xib */,
				AC42EB7A18E70560005BD53B /* LocationDetailBodyCell.h */,
				AC42EB7B18E70560005BD53B /* LocationDetailBodyCell.m */,
				AC42EB7C18E70560005BD53B /* LocationDetailBodyCell.xib */,
				AC42EB7D18E70560005BD53B /* LocationDetailPictureCell.h */,
				AC42EB7E18E70560005BD53B /* LocationDetailPictureCell.m */,
				AC42EB7F18E70560005BD53B /* LocationDetailPictureCell.xib */,
				AC42EB8018E70560005BD53B /* LocationDetailTitleCell.h */,
				AC42EB8118E70560005BD53B /* LocationDetailTitleCell.m */,
				AC42EB8218E70560005BD53B /* LocationDetailTitleCell.xib */,
				AC42EB8318E70560005BD53B /* RouteDetailTitleCell.h */,
				AC42EB8418E70560005BD53B /* RouteDetailTitleCell.m */,
				AC42EB8518E70560005BD53B /* RouteDetailTitleCell.xib */,
			);
			path = Cells;
			sourceTree = "<group>";
		};
		AC42EBA818E70560005BD53B /* HelpViews */ = {
			isa = PBXGroup;
			children = (
				AC42EBA918E70560005BD53B /* CitiesOverlayView.h */,
				AC42EBAA18E70560005BD53B /* CitiesOverlayView.m */,
				AC42EBAB18E70560005BD53B /* CitiesOverlayView.xib */,
				AC42EBAC18E70560005BD53B /* HelpView.h */,
				AC42EBAD18E70560005BD53B /* HelpView.m */,
				AC42EBAE18E70560005BD53B /* HelpView.xib */,
			);
			path = HelpViews;
			sourceTree = "<group>";
		};
		AC42EBBC18E70560005BD53B /* Model */ = {
			isa = PBXGroup;
			children = (
				AC42EBBD18E70560005BD53B /* Checkin.h */,
				AC42EBBE18E70560005BD53B /* Checkin.m */,
				AC42EBBF18E70560005BD53B /* DataModels.h */,
				AC42EBC018E70560005BD53B /* NSArray+GHCatalog.h */,
				AC42EBC118E70560005BD53B /* NSArray+GHCatalog.m */,
				AC42EBC218E70560005BD53B /* NSDictionary+GHCities.h */,
				AC42EBC318E70560005BD53B /* NSDictionary+GHCities.m */,
				AC42EBC418E70560005BD53B /* NSDictionary+GHCity.h */,
				AC42EBC518E70560005BD53B /* NSDictionary+GHCity.m */,
				AC42EBC618E70560005BD53B /* NSDictionary+GHImage.h */,
				AC42EBC718E70560005BD53B /* NSDictionary+GHImage.m */,
				AC42EBC818E70560005BD53B /* NSDictionary+GHProfile.h */,
				AC42EBC918E70560005BD53B /* NSDictionary+GHProfile.m */,
				AC42EBCA18E70560005BD53B /* NSDictionary+GHReward.h */,
				AC42EBCB18E70560005BD53B /* NSDictionary+GHReward.m */,
				AC42EBCC18E70560005BD53B /* NSDictionary+GHRoute.h */,
				AC42EBCD18E70560005BD53B /* NSDictionary+GHRoute.m */,
				AC42EBCE18E70560005BD53B /* NSDictionary+GHWaypoint.h */,
				AC42EBCF18E70560005BD53B /* NSDictionary+GHWaypoint.m */,
			);
			path = Model;
			sourceTree = "<group>";
		};
		AC42EBE218E70560005BD53B /* Settings */ = {
			isa = PBXGroup;
			children = (
				AC42EBE318E70560005BD53B /* SettingsViewController.h */,
				AC42EBE418E70560005BD53B /* SettingsViewController.m */,
			);
			path = Settings;
			sourceTree = "<group>";
		};
		AC42EC2B18E70599005BD53B /* Supporting Files */ = {
			isa = PBXGroup;
			children = (
				AC81E87018E8B0900074C301 /* festigo-Info.plist */,
				AC81E87118E8B0900074C301 /* festigo-Prefix.pch */,
				AC42EBDE18E70560005BD53B /* Secret.h */,
				AC42EC2C18E70708005BD53B /* Images.xcassets */,
				AC42EBB718E70560005BD53B /* main.m */,
				AC42EBDB18E70560005BD53B /* routeme.plist */,
				AC42EB9918E70560005BD53B /* InfoPlist.strings */,
				AC42EB9B18E70560005BD53B /* Localizable.strings */,
				ACDBD97618E887F40063AAB7 /* SystemVersion.h */,
				ACB0B7D418EC2E15008F8AD1 /* Settings.bundle */,
			);
			name = "Supporting Files";
			sourceTree = "<group>";
		};
		AC42EC2E18E7312B005BD53B /* Fonts */ = {
			isa = PBXGroup;
			children = (
				ACDBD97218E886EF0063AAB7 /* AdelleBasic_Bold.ttf */,
				ACDBD97118E886D70063AAB7 /* AdelleBasic_BoldItalic.ttf */,
			);
			path = Fonts;
			sourceTree = "<group>";
		};
		AC81E86618E891B00074C301 /* HockeySDK.embeddedframework */ = {
			isa = PBXGroup;
			children = (
				AC81E86718E891B00074C301 /* HockeySDK.framework */,
				AC81E86818E891B00074C301 /* Resources */,
			);
			name = HockeySDK.embeddedframework;
			path = "HockeySDK-iOS/HockeySDK.embeddedframework";
			sourceTree = "<group>";
		};
		AC81E86818E891B00074C301 /* Resources */ = {
			isa = PBXGroup;
			children = (
				AC81E86918E891B00074C301 /* HockeySDK.xcconfig */,
				AC81E86A18E891B00074C301 /* HockeySDKResources.bundle */,
			);
			path = Resources;
			sourceTree = "<group>";
		};
		AC844BF717629EE30092D79C /* SSKeychain */ = {
			isa = PBXGroup;
			children = (
				AC844BF817629EE30092D79C /* SSKeychain.h */,
				AC844BF917629EE30092D79C /* SSKeychain.m */,
			);
			path = SSKeychain;
			sourceTree = "<group>";
		};
		ACB0B7D318EC2D05008F8AD1 /* Google analytics */ = {
			isa = PBXGroup;
			children = (
				ACB0B7C418EC2CFF008F8AD1 /* GAI.h */,
				ACB0B7C518EC2CFF008F8AD1 /* GAIDictionaryBuilder.h */,
				ACB0B7C618EC2CFF008F8AD1 /* GAIFields.h */,
				ACB0B7C718EC2CFF008F8AD1 /* GAILogger.h */,
				ACB0B7C818EC2CFF008F8AD1 /* GAITrackedViewController.h */,
				ACB0B7C918EC2CFF008F8AD1 /* GAITracker.h */,
				ACB0B7CA18EC2CFF008F8AD1 /* libAdIdAccess.a */,
				ACB0B7CB18EC2CFF008F8AD1 /* libGoogleAnalyticsServices.a */,
				ACB0B7CC18EC2CFF008F8AD1 /* TAGContainer.h */,
				ACB0B7CD18EC2CFF008F8AD1 /* TAGContainerOpener.h */,
				ACB0B7CE18EC2CFF008F8AD1 /* TAGDataLayer.h */,
				ACB0B7CF18EC2CFF008F8AD1 /* TAGLogger.h */,
				ACB0B7D018EC2CFF008F8AD1 /* TAGManager.h */,
			);
			name = "Google analytics";
			sourceTree = "<group>";
		};
		ACDBD96318E885C90063AAB7 /* Compass and Navigation Views */ = {
			isa = PBXGroup;
			children = (
				AC42EBD018E70560005BD53B /* NavigationStatusView.h */,
				AC42EBD118E70560005BD53B /* NavigationStatusView.m */,
				AC42EBD218E70560005BD53B /* NavigationStatusView.xib */,
				AC42EB9718E70560005BD53B /* DestinationRadarView.h */,
				AC42EB9818E70560005BD53B /* DestinationRadarView.m */,
				AC42EB8B18E70560005BD53B /* CloudView.h */,
				AC42EB8C18E70560005BD53B /* CloudView.m */,
				AC42EB8D18E70560005BD53B /* CompassTopView.h */,
				AC42EB8E18E70560005BD53B /* CompassTopView.m */,
				AC42EB8F18E70560005BD53B /* CompassTopView.xib */,
				AC42EB9018E70560005BD53B /* CompassViewController.h */,
				AC42EB9118E70560005BD53B /* CompassViewController.m */,
				AC42EB9218E70560005BD53B /* CompassViewController.xib */,
			);
			name = "Compass and Navigation Views";
			sourceTree = "<group>";
		};
		ACDBD96418E885D80063AAB7 /* CheckinView */ = {
			isa = PBXGroup;
			children = (
				AC42EB8618E70560005BD53B /* CheckinView.h */,
				AC42EB8718E70560005BD53B /* CheckinView.m */,
				AC42EB8818E70560005BD53B /* CheckinView.xib */,
			);
			name = CheckinView;
			sourceTree = "<group>";
		};
		ACDBD96518E885E10063AAB7 /* Catalog */ = {
			isa = PBXGroup;
			children = (
				AC42EBD518E70560005BD53B /* OverlayView.h */,
				AC42EBD618E70560005BD53B /* OverlayView.m */,
				AC42EBD718E70560005BD53B /* OverlayView.xib */,
				AC42EBDF18E70560005BD53B /* SelectionCell.h */,
				AC42EBE018E70560005BD53B /* SelectionCell.m */,
				AC42EBE118E70560005BD53B /* SelectionCell.xib */,
				AC42EB7318E70560005BD53B /* CatalogViewController.h */,
				AC42EB7418E70560005BD53B /* CatalogViewController.m */,
				AC42EB7518E70560005BD53B /* CatalogViewController.xib */,
			);
			name = Catalog;
			sourceTree = "<group>";
		};
		ACDBD96618E885F00063AAB7 /* Custom Navigationbar Views */ = {
			isa = PBXGroup;
			children = (
				AC42EB9318E70560005BD53B /* CustomBarButtonViewLeft.h */,
				AC42EB9418E70560005BD53B /* CustomBarButtonViewLeft.m */,
				AC42EB9518E70560005BD53B /* CustomBarButtonViewRight.h */,
				AC42EB9618E70560005BD53B /* CustomBarButtonViewRight.m */,
			);
			name = "Custom Navigationbar Views";
			sourceTree = "<group>";
		};
		ACDBD96718E886510063AAB7 /* Categories */ = {
			isa = PBXGroup;
			children = (
				ACDBD96E18E886C10063AAB7 /* UIImage+ImageEffects.h */,
				ACDBD96F18E886C10063AAB7 /* UIImage+ImageEffects.m */,
				ACDBD96818E886510063AAB7 /* NSDataAdditions.h */,
				ACDBD96918E886510063AAB7 /* NSDataAdditions.m */,
				ACDBD96A18E886510063AAB7 /* NSLayoutConstraint+EvenDistribution.h */,
				ACDBD96B18E886510063AAB7 /* NSLayoutConstraint+EvenDistribution.m */,
			);
			path = Categories;
			sourceTree = "<group>";
		};
		ACDBD97318E887270063AAB7 /* Location Detail */ = {
			isa = PBXGroup;
			children = (
				AC42EBB218E70560005BD53B /* LocationDetailTableViewController.h */,
				AC42EBB318E70560005BD53B /* LocationDetailTableViewController.m */,
				AC42EBB418E70560005BD53B /* LocationDetailViewController.h */,
				AC42EBB518E70560005BD53B /* LocationDetailViewController.m */,
				AC42EBB618E70560005BD53B /* LocationDetailViewController.xib */,
			);
			name = "Location Detail";
			sourceTree = "<group>";
		};
		ACDD9B5F1743B20200D64682 = {
			isa = PBXGroup;
			children = (
				AC42EC3318E73ADB005BD53B /* amsterdamcentrum.gpx */,
				AC303F8017C4F53100875910 /* ThirdParties */,
				AC42EB6B18E70560005BD53B /* festigo */,
				ACDD9BDF1743E8D700D64682 /* Assets */,
				ACDD9B6A1743B20200D64682 /* Frameworks */,
				ACDD9B691743B20200D64682 /* Products */,
			);
			sourceTree = "<group>";
		};
		ACDD9B691743B20200D64682 /* Products */ = {
			isa = PBXGroup;
			children = (
				ACDD9B681743B20200D64682 /* festigo.app */,
			);
			name = Products;
			sourceTree = "<group>";
		};
		ACDD9B6A1743B20200D64682 /* Frameworks */ = {
			isa = PBXGroup;
			children = (
				ACB0B7D618EC2EAC008F8AD1 /* CoreData.framework */,
				AC81E86E18E891BF0074C301 /* CoreText.framework */,
				AC81E86618E891B00074C301 /* HockeySDK.embeddedframework */,
				ACDBD97918E889290063AAB7 /* Accelerate.framework */,
				ACDBD97718E8890A0063AAB7 /* CoreImage.framework */,
				AC06F91617CFE3EC002E6B67 /* FacebookSDK Stuff */,
				ACE2AD3F17628D94004C6AF8 /* AdSupport.framework */,
				AC41F7FC1761EAC100ED3F14 /* AudioToolbox.framework */,
				ACC893B5175F7A3C002AC636 /* libz.dylib */,
				A71CF121175E3BEB00FA2168 /* MapKit.framework */,
				A726AA72175DEA9F00C7F8E6 /* Social.framework */,
				AC0AF4AF175633B600B766E0 /* Security.framework */,
				AC0AF4881754BA6A00B766E0 /* MobileCoreServices.framework */,
				AC0AF4861754BA6300B766E0 /* SystemConfiguration.framework */,
				1CB18468174BC0A500D71DA4 /* CoreLocation.framework */,
				ACDD9BE91743EBAB00D64682 /* QuartzCore.framework */,
				ACDD9B6B1743B20200D64682 /* UIKit.framework */,
				ACDD9B6D1743B20200D64682 /* Foundation.framework */,
				ACDD9B6F1743B20200D64682 /* CoreGraphics.framework */,
			);
			name = Frameworks;
			sourceTree = "<group>";
		};
		ACDD9BDF1743E8D700D64682 /* Assets */ = {
			isa = PBXGroup;
			children = (
				AC42EC2E18E7312B005BD53B /* Fonts */,
				AC41F7FE1761FE8400ED3F14 /* Sounds */,
				AC5BEDA8174CC82D0067F08F /* default-profile.png */,
			);
			path = Assets;
			sourceTree = "<group>";
		};
/* End PBXGroup section */

/* Begin PBXNativeTarget section */
		ACDD9B671743B20200D64682 /* festigo */ = {
			isa = PBXNativeTarget;
			buildConfigurationList = ACDD9B8B1743B20200D64682 /* Build configuration list for PBXNativeTarget "festigo" */;
			buildPhases = (
				ACDD9B641743B20200D64682 /* Sources */,
				ACDD9B651743B20200D64682 /* Frameworks */,
				AC97D5B61769064B0069F779 /* ShellScript */,
				ACDD9B661743B20200D64682 /* Resources */,
				AC101693174EBE0500761AC2 /* ShellScript */,
			);
			buildRules = (
			);
			dependencies = (
			);
			name = festigo;
			productName = ScavengerApp;
			productReference = ACDD9B681743B20200D64682 /* festigo.app */;
			productType = "com.apple.product-type.application";
		};
/* End PBXNativeTarget section */

/* Begin PBXProject section */
		ACDD9B601743B20200D64682 /* Project object */ = {
			isa = PBXProject;
			attributes = {
				LastUpgradeCheck = 0460;
				ORGANIZATIONNAME = festiGo;
				TargetAttributes = {
					ACDD9B671743B20200D64682 = {
						DevelopmentTeam = ZPTT5KP29C;
					};
				};
			};
			buildConfigurationList = ACDD9B631743B20200D64682 /* Build configuration list for PBXProject "festigo" */;
			compatibilityVersion = "Xcode 3.2";
			developmentRegion = English;
			hasScannedForEncodings = 0;
			knownRegions = (
				en,
				nl,
				it,
			);
			mainGroup = ACDD9B5F1743B20200D64682;
			productRefGroup = ACDD9B691743B20200D64682 /* Products */;
			projectDirPath = "";
			projectRoot = "";
			targets = (
				ACDD9B671743B20200D64682 /* festigo */,
			);
		};
/* End PBXProject section */

/* Begin PBXResourcesBuildPhase section */
		ACDD9B661743B20200D64682 /* Resources */ = {
			isa = PBXResourcesBuildPhase;
			buildActionMask = 2147483647;
			files = (
				AC5BEDA9174CC82D0067F08F /* default-profile.png in Resources */,
				AC42EC2318E70560005BD53B /* RewardViewController.xib in Resources */,
				AC42EBFF18E70560005BD53B /* CompassViewController.xib in Resources */,
				AC42EBF318E70560005BD53B /* LocationDetailPictureCell.xib in Resources */,
				AC42EBF518E70560005BD53B /* LocationDetailTitleCell.xib in Resources */,
				AC42EC0D18E70560005BD53B /* HelpView.xib in Resources */,
				AC42EBEB18E70560005BD53B /* CannotPlayViewController.xib in Resources */,
				AC42EBF718E70560005BD53B /* RouteDetailTitleCell.xib in Resources */,
				AC42EC2D18E70708005BD53B /* Images.xcassets in Resources */,
				AC42EC1118E70560005BD53B /* LocationDetailViewController.xib in Resources */,
				AC42EC0B18E70560005BD53B /* CitiesOverlayView.xib in Resources */,
				AC42EC2718E70560005BD53B /* SelectionCell.xib in Resources */,
				AC42EC0318E70560005BD53B /* InfoPlist.strings in Resources */,
				AC42EBF118E70560005BD53B /* LocationDetailBodyCell.xib in Resources */,
				AC42EBEF18E70560005BD53B /* CatalogViewCollectionHeader.xib in Resources */,
				AC42EC0418E70560005BD53B /* Localizable.strings in Resources */,
				AC42EC2118E70560005BD53B /* OverlayView.xib in Resources */,
				AC42EBED18E70560005BD53B /* CatalogViewController.xib in Resources */,
				AC42EBF918E70560005BD53B /* CheckinView.xib in Resources */,
				AC42EC3418E73ADB005BD53B /* amsterdamcentrum.gpx in Resources */,
				AC81E87218E8B0900074C301 /* festigo-Info.plist in Resources */,
				AC42EBFD18E70560005BD53B /* CompassTopView.xib in Resources */,
				AC42EC1F18E70560005BD53B /* NavigationStatusView.xib in Resources */,
				AC81E86C18E891B00074C301 /* HockeySDK.xcconfig in Resources */,
				AC41F8011761FE8400ED3F14 /* fanfare.mp3 in Resources */,
				AC41F8021761FE8400ED3F14 /* success.mp3 in Resources */,
				AC30AEF21768BE01008449BD /* SIAlertView.bundle in Resources */,
				ACB0B7D518EC2E15008F8AD1 /* Settings.bundle in Resources */,
				AC303F8517C4F54400875910 /* SVProgressHUD.bundle in Resources */,
				AC42EC2918E70560005BD53B /* TableBackground.xib in Resources */,
				AC42EC2418E70560005BD53B /* routeme.plist in Resources */,
				AC81E86D18E891B00074C301 /* HockeySDKResources.bundle in Resources */,
				AC06F91117CFE38A002E6B67 /* FacebookSDKResources.bundle in Resources */,
				ACDBD97D18E88B280063AAB7 /* AdelleBasic_Bold.ttf in Resources */,
				ACDBD97C18E88B260063AAB7 /* AdelleBasic_BoldItalic.ttf in Resources */,
			);
			runOnlyForDeploymentPostprocessing = 0;
		};
/* End PBXResourcesBuildPhase section */

/* Begin PBXShellScriptBuildPhase section */
		AC101693174EBE0500761AC2 /* ShellScript */ = {
			isa = PBXShellScriptBuildPhase;
			buildActionMask = 2147483647;
			files = (
			);
			inputPaths = (
			);
			outputPaths = (
			);
			runOnlyForDeploymentPostprocessing = 0;
			shellPath = /bin/sh;
			shellScript = "KEYWORDS=\"TODO:|FIXME:|\\?\\?\\?:|\\!\\!\\!:\"\n\nfind \"${SRCROOT}\" \\( -name \"*.h\" -or -name \"*.m\" \\) -print0 | xargs -0 egrep --with-filename --line-number --only-matching \"($KEYWORDS).*\\$\" | perl -p -e \"s/($KEYWORDS)/ warning: \\$1/\"    ";
		};
		AC97D5B61769064B0069F779 /* ShellScript */ = {
			isa = PBXShellScriptBuildPhase;
			buildActionMask = 2147483647;
			files = (
			);
			inputPaths = (
			);
			outputPaths = (
			);
			runOnlyForDeploymentPostprocessing = 0;
			shellPath = /bin/sh;
			shellScript = "#!/bin/bash\nbuildNumber=$(/usr/libexec/PlistBuddy -c \"Print CFBundleVersion\" \"$INFOPLIST_FILE\")\nbuildNumber=$(($buildNumber + 1))\n/usr/libexec/PlistBuddy -c \"Set :CFBundleVersion $buildNumber\" \"$INFOPLIST_FILE\"";
		};
/* End PBXShellScriptBuildPhase section */

/* Begin PBXSourcesBuildPhase section */
		ACDD9B641743B20200D64682 /* Sources */ = {
			isa = PBXSourcesBuildPhase;
			buildActionMask = 2147483647;
			files = (
				AC42EBF818E70560005BD53B /* CheckinView.m in Sources */,
				AC42EC0F18E70560005BD53B /* LocationDetailTableViewController.m in Sources */,
				AC101686174D6F0F00761AC2 /* CLLocation+measuring.m in Sources */,
				AC42EC2518E70560005BD53B /* RouteStartViewController.m in Sources */,
				AC101687174D6F0F00761AC2 /* CLLocation+routeInfo.m in Sources */,
				AC42EBF418E70560005BD53B /* LocationDetailTitleCell.m in Sources */,
				AC101688174D6F0F00761AC2 /* CLLocationDeadReckoning.m in Sources */,
				AC101689174D6F0F00761AC2 /* CLLocationDispatch.m in Sources */,
				AC42EC1618E70560005BD53B /* NSArray+GHCatalog.m in Sources */,
				AC42EBF618E70560005BD53B /* RouteDetailTitleCell.m in Sources */,
				AC42EBFE18E70560005BD53B /* CompassViewController.m in Sources */,
				AC42EC1818E70560005BD53B /* NSDictionary+GHCity.m in Sources */,
				AC42EC0A18E70560005BD53B /* CitiesOverlayView.m in Sources */,
				AC42EC1918E70560005BD53B /* NSDictionary+GHImage.m in Sources */,
				AC42EC1318E70560005BD53B /* MapPoint.m in Sources */,
				AC0AF4751754AB4600B766E0 /* AFHTTPClient.m in Sources */,
				AC42EC0C18E70560005BD53B /* HelpView.m in Sources */,
				ACDBD96D18E886510063AAB7 /* NSLayoutConstraint+EvenDistribution.m in Sources */,
				AC0AF4761754AB4600B766E0 /* AFHTTPRequestOperation.m in Sources */,
				AC0AF4771754AB4600B766E0 /* AFImageRequestOperation.m in Sources */,
				AC42EBF018E70560005BD53B /* LocationDetailBodyCell.m in Sources */,
				AC42EBFC18E70560005BD53B /* CompassTopView.m in Sources */,
				AC42EBE918E70560005BD53B /* AppState.m in Sources */,
				AC42EC2018E70560005BD53B /* OverlayView.m in Sources */,
				AC42EBEE18E70560005BD53B /* CatalogViewCollectionHeader.m in Sources */,
				AC42EC2818E70560005BD53B /* SettingsViewController.m in Sources */,
				AC0AF4781754AB4600B766E0 /* AFJSONRequestOperation.m in Sources */,
				AC42EBF218E70560005BD53B /* LocationDetailPictureCell.m in Sources */,
				AC42EC1B18E70560005BD53B /* NSDictionary+GHReward.m in Sources */,
				AC42EC1A18E70560005BD53B /* NSDictionary+GHProfile.m in Sources */,
				AC0AF4791754AB4600B766E0 /* AFNetworkActivityIndicatorManager.m in Sources */,
				AC42EBFA18E70560005BD53B /* CitySelectionViewController.m in Sources */,
				AC42EC1C18E70560005BD53B /* NSDictionary+GHRoute.m in Sources */,
				AC0AF47A1754AB4600B766E0 /* AFPropertyListRequestOperation.m in Sources */,
				AC0AF47B1754AB4600B766E0 /* AFURLConnectionOperation.m in Sources */,
				AC42EC1E18E70560005BD53B /* NavigationStatusView.m in Sources */,
				AC0AF47C1754AB4600B766E0 /* AFXMLRequestOperation.m in Sources */,
				AC42EBFB18E70560005BD53B /* CloudView.m in Sources */,
				AC0AF47D1754AB4600B766E0 /* UIImageView+AFNetworking.m in Sources */,
				AC42EC2218E70560005BD53B /* RewardViewController.m in Sources */,
				AC42EC0918E70560005BD53B /* GoHikeHTTPClient.m in Sources */,
				AC42EC1718E70560005BD53B /* NSDictionary+GHCities.m in Sources */,
				AC844BFA17629EE30092D79C /* SSKeychain.m in Sources */,
				AC42EC0718E70560005BD53B /* FileUtilities.m in Sources */,
				ACDBD96C18E886510063AAB7 /* NSDataAdditions.m in Sources */,
				AC42EBEA18E70560005BD53B /* CannotPlayViewController.m in Sources */,
				ACDBD97018E886C10063AAB7 /* UIImage+ImageEffects.m in Sources */,
				AC42EC1018E70560005BD53B /* LocationDetailViewController.m in Sources */,
				AC42EC1518E70560005BD53B /* Checkin.m in Sources */,
				AC42EC0118E70560005BD53B /* CustomBarButtonViewRight.m in Sources */,
				AC42EC0018E70560005BD53B /* CustomBarButtonViewLeft.m in Sources */,
				AC42EC1D18E70560005BD53B /* NSDictionary+GHWaypoint.m in Sources */,
				AC42EBEC18E70560005BD53B /* CatalogViewController.m in Sources */,
				AC42EBE818E70560005BD53B /* AppDelegate.m in Sources */,
				AC42EC0218E70560005BD53B /* DestinationRadarView.m in Sources */,
				AC42EC2A18E70560005BD53B /* Utilities.m in Sources */,
				AC30AEF31768BE01008449BD /* SIAlertView.m in Sources */,
				AC42EC1218E70560005BD53B /* main.m in Sources */,
				AC303F8617C4F54400875910 /* SVProgressHUD.m in Sources */,
				AC42EC2618E70560005BD53B /* SelectionCell.m in Sources */,
				AC42EC1418E70560005BD53B /* MapViewController.m in Sources */,
			);
			runOnlyForDeploymentPostprocessing = 0;
		};
/* End PBXSourcesBuildPhase section */

/* Begin PBXVariantGroup section */
		AC42EB9918E70560005BD53B /* InfoPlist.strings */ = {
			isa = PBXVariantGroup;
			children = (
				AC42EB9A18E70560005BD53B /* en */,
				AC42EBB018E70560005BD53B /* it */,
				AC42EBD318E70560005BD53B /* nl */,
			);
			name = InfoPlist.strings;
			sourceTree = "<group>";
		};
		AC42EB9B18E70560005BD53B /* Localizable.strings */ = {
			isa = PBXVariantGroup;
			children = (
				AC42EB9C18E70560005BD53B /* en */,
				AC42EBB118E70560005BD53B /* it */,
				AC42EBD418E70560005BD53B /* nl */,
			);
			name = Localizable.strings;
			sourceTree = "<group>";
		};
/* End PBXVariantGroup section */

/* Begin XCBuildConfiguration section */
		ACDD9B891743B20200D64682 /* Debug */ = {
			isa = XCBuildConfiguration;
			buildSettings = {
				ALWAYS_SEARCH_USER_PATHS = NO;
				CLANG_CXX_LANGUAGE_STANDARD = "gnu++0x";
				CLANG_CXX_LIBRARY = "libc++";
				CLANG_ENABLE_OBJC_ARC = YES;
				CLANG_WARN_CONSTANT_CONVERSION = YES;
				CLANG_WARN_EMPTY_BODY = YES;
				CLANG_WARN_ENUM_CONVERSION = YES;
				CLANG_WARN_INT_CONVERSION = YES;
				CLANG_WARN__DUPLICATE_METHOD_MATCH = YES;
				CODE_SIGN_IDENTITY = "iPhone Developer";
				"CODE_SIGN_IDENTITY[sdk=iphoneos*]" = "iPhone Developer";
				COPY_PHASE_STRIP = NO;
				GCC_C_LANGUAGE_STANDARD = gnu99;
				GCC_DYNAMIC_NO_PIC = NO;
				GCC_OPTIMIZATION_LEVEL = 0;
				GCC_PREPROCESSOR_DEFINITIONS = (
					"DEBUG=1",
					"$(inherited)",
				);
				GCC_SYMBOLS_PRIVATE_EXTERN = NO;
				GCC_WARN_ABOUT_RETURN_TYPE = YES;
				GCC_WARN_UNINITIALIZED_AUTOS = YES;
				GCC_WARN_UNUSED_VARIABLE = YES;
				IPHONEOS_DEPLOYMENT_TARGET = 6.1;
				ONLY_ACTIVE_ARCH = YES;
				SDKROOT = iphoneos;
			};
			name = Debug;
		};
		ACDD9B8A1743B20200D64682 /* Release */ = {
			isa = XCBuildConfiguration;
			buildSettings = {
				ALWAYS_SEARCH_USER_PATHS = NO;
				CLANG_CXX_LANGUAGE_STANDARD = "gnu++0x";
				CLANG_CXX_LIBRARY = "libc++";
				CLANG_ENABLE_OBJC_ARC = YES;
				CLANG_WARN_CONSTANT_CONVERSION = YES;
				CLANG_WARN_EMPTY_BODY = YES;
				CLANG_WARN_ENUM_CONVERSION = YES;
				CLANG_WARN_INT_CONVERSION = YES;
				CLANG_WARN__DUPLICATE_METHOD_MATCH = YES;
				CODE_SIGN_IDENTITY = "iPhone Distribution";
				"CODE_SIGN_IDENTITY[sdk=iphoneos*]" = "iPhone Distribution";
				COPY_PHASE_STRIP = YES;
				GCC_C_LANGUAGE_STANDARD = gnu99;
				GCC_WARN_ABOUT_RETURN_TYPE = YES;
				GCC_WARN_UNINITIALIZED_AUTOS = YES;
				GCC_WARN_UNUSED_VARIABLE = YES;
				IPHONEOS_DEPLOYMENT_TARGET = 6.1;
				OTHER_CFLAGS = "-DNS_BLOCK_ASSERTIONS=1";
				SDKROOT = iphoneos;
				VALIDATE_PRODUCT = YES;
			};
			name = Release;
		};
		ACDD9B8C1743B20200D64682 /* Debug */ = {
			isa = XCBuildConfiguration;
			buildSettings = {
				ALWAYS_SEARCH_USER_PATHS = YES;
				ASSETCATALOG_COMPILER_APPICON_NAME = AppIcon;
				ASSETCATALOG_COMPILER_LAUNCHIMAGE_NAME = LaunchImage;
				CODE_SIGN_IDENTITY = "iPhone Developer";
				"CODE_SIGN_IDENTITY[sdk=iphoneos*]" = "iPhone Developer";
				FRAMEWORK_SEARCH_PATHS = (
					"$(inherited)",
					"$(SRCROOT)",
					"$(PROJECT_DIR)/HockeySDK-iOS/HockeySDK.embeddedframework",
				);
				GCC_PRECOMPILE_PREFIX_HEADER = YES;
				GCC_PREFIX_HEADER = "festigo/festigo-Prefix.pch";
				HEADER_SEARCH_PATHS = "";
				INFOPLIST_FILE = "festiGo/festigo-Info.plist";
				IPHONEOS_DEPLOYMENT_TARGET = 6.0;
				LIBRARY_SEARCH_PATHS = (
					"$(inherited)",
					"$(PROJECT_DIR)/GoogleAnalyticsServicesiOS_3.06",
				);
				OTHER_LDFLAGS = (
					"-objC",
					"-all_load",
				);
				PRODUCT_NAME = festigo;
				PROVISIONING_PROFILE = "";
				"PROVISIONING_PROFILE[sdk=iphoneos*]" = "";
				VALID_ARCHS = "armv7 armv7s";
				WRAPPER_EXTENSION = app;
			};
			name = Debug;
		};
		ACDD9B8D1743B20200D64682 /* Release */ = {
			isa = XCBuildConfiguration;
			buildSettings = {
				ALWAYS_SEARCH_USER_PATHS = YES;
				ASSETCATALOG_COMPILER_APPICON_NAME = AppIcon;
				ASSETCATALOG_COMPILER_LAUNCHIMAGE_NAME = LaunchImage;
				CODE_SIGN_IDENTITY = "iPhone Distribution";
				"CODE_SIGN_IDENTITY[sdk=iphoneos*]" = "iPhone Developer";
				COPY_PHASE_STRIP = YES;
				FRAMEWORK_SEARCH_PATHS = (
					"$(inherited)",
					"$(SRCROOT)",
					"$(PROJECT_DIR)/HockeySDK-iOS/HockeySDK.embeddedframework",
				);
				GCC_PRECOMPILE_PREFIX_HEADER = YES;
				GCC_PREFIX_HEADER = "festigo/festigo-Prefix.pch";
				HEADER_SEARCH_PATHS = "";
				INFOPLIST_FILE = "festiGo/festigo-Info.plist";
				IPHONEOS_DEPLOYMENT_TARGET = 6.0;
				LIBRARY_SEARCH_PATHS = (
					"$(inherited)",
					"$(PROJECT_DIR)/GoogleAnalyticsServicesiOS_3.06",
				);
				OTHER_LDFLAGS = (
					"-objC",
					"-all_load",
				);
				PRODUCT_NAME = festigo;
				PROVISIONING_PROFILE = "";
				"PROVISIONING_PROFILE[sdk=iphoneos*]" = "";
				VALID_ARCHS = "armv7 armv7s";
				WRAPPER_EXTENSION = app;
			};
			name = Release;
		};
/* End XCBuildConfiguration section */

/* Begin XCConfigurationList section */
		ACDD9B631743B20200D64682 /* Build configuration list for PBXProject "festigo" */ = {
			isa = XCConfigurationList;
			buildConfigurations = (
				ACDD9B891743B20200D64682 /* Debug */,
				ACDD9B8A1743B20200D64682 /* Release */,
			);
			defaultConfigurationIsVisible = 0;
			defaultConfigurationName = Release;
		};
		ACDD9B8B1743B20200D64682 /* Build configuration list for PBXNativeTarget "festigo" */ = {
			isa = XCConfigurationList;
			buildConfigurations = (
				ACDD9B8C1743B20200D64682 /* Debug */,
				ACDD9B8D1743B20200D64682 /* Release */,
			);
			defaultConfigurationIsVisible = 0;
			defaultConfigurationName = Release;
		};
/* End XCConfigurationList section */
	};
	rootObject = ACDD9B601743B20200D64682 /* Project object */;
}
